<?xml version="1.0" encoding="utf-8"?>
<Project ToolsVersion="4.0" xmlns="http://schemas.microsoft.com/developer/msbuild/2003">
  <ItemGroup>
    <ClCompile Include="GameObject\Aladdin.cpp" />
    <ClCompile Include="GameObject\BackgroundLv1Scene.cpp" />
    <ClCompile Include="GameObject\Enemies\BigEnemy\BigEnemy.cpp" />
    <ClCompile Include="GameObject\Enemies\BigEnemy\BigEnemyIdleState.cpp" />
    <ClCompile Include="GameObject\Enemies\BigEnemy\BigEnemyAttackState.cpp" />
    <ClCompile Include="GameObject\Enemies\BigEnemy\BigEnemyInAttackedState.cpp" />
    <ClCompile Include="GameObject\Enemies\BigEnemy\BigEnemyWalkState.cpp" />
    <ClCompile Include="GameObject\Enemies\Enemy.cpp" />
    <ClCompile Include="Framework\Application.cpp" />
    <ClCompile Include="Framework\Camera.cpp" />
    <ClCompile Include="Framework\Color.cpp" />
    <ClCompile Include="Framework\GameManager.cpp" />
    <ClCompile Include="Framework\Graphics.cpp" />
    <ClCompile Include="Framework\Input.cpp" />
    <ClCompile Include="Framework\Matrix.cpp" />
    <ClCompile Include="Framework\Node.cpp" />
    <ClCompile Include="Framework\PhysicsManager.cpp" />
    <ClCompile Include="Framework\QuadTree.cpp" />
    <ClCompile Include="Framework\Rect.cpp" />
    <ClCompile Include="Framework\RigidBody.cpp" />
    <ClCompile Include="Framework\Scene.cpp" />
    <ClCompile Include="Framework\Size.cpp" />
    <ClCompile Include="Framework\Texture.cpp" />
    <ClCompile Include="Framework\Vec2.cpp" />
    <ClCompile Include="Framework\GameMap.cpp" />
    <ClCompile Include="GameObject\Enemies\EnemyState.cpp" />
    <ClCompile Include="GameObject\Enemies\FatEnemy\FatEnemy.cpp" />
    <ClCompile Include="GameObject\Enemies\FatEnemy\FatEnemyIdleState.cpp" />
    <ClCompile Include="GameObject\Enemies\HideEnemy\HideEnemy.cpp" />
    <ClCompile Include="GameObject\Enemies\HideEnemy\HideEnemyIdleState.cpp" />
    <ClCompile Include="GameObject\Enemies\KnifeEnemy\KnifeEnemy.cpp" />
    <ClCompile Include="GameObject\Enemies\ThinEnemy\ThinEnemyInAttackedState.cpp" />
    <ClCompile Include="GameObject\Enemies\ThinEnemy\ThinEnemyAttackState.cpp" />
    <ClCompile Include="GameObject\Enemies\ThinEnemy\ThinEnemyWalkState.cpp" />
    <ClCompile Include="GameObject\Enemies\ThinEnemy\ThinEnemy.cpp" />
    <ClCompile Include="GameObject\Enemies\WallEnemy\WallEnemy.cpp" />
    <ClCompile Include="GameObject\Enemies\WallEnemy\WallEnemyIdleState.cpp" />
    <ClCompile Include="GameObject\GameObject.cpp" />
    <ClCompile Include="GameObject\Ground\FloatGround\FloatGround.cpp" />
    <ClCompile Include="GameObject\Ground\Ground.cpp" />
    <ClCompile Include="GameObject\Ground\SpringBoard\SpringBoard.cpp" />
    <ClCompile Include="GameObject\Ground\SpringBoard\SpringBoardIdleState.cpp" />
    <ClCompile Include="GameObject\Ground\SpringBoard\SpringBoardState.cpp" />
    <ClCompile Include="GameObject\Items\Apple\Apple.cpp" />
    <ClCompile Include="GameObject\Items\Camel\Camel.cpp" />
    <ClCompile Include="GameObject\Items\Camel\CamelState.cpp" />
    <ClCompile Include="GameObject\Items\Camel\CamelIdleState.cpp" />
    <ClCompile Include="GameObject\Wall\Wall.cpp" />
    <ClCompile Include="Lv1Scene.cpp" />
    <ClCompile Include="Main.cpp" />
    <ClCompile Include="MapReader\base64.cpp" />
    <ClCompile Include="MapReader\miniz.c" />
    <ClCompile Include="MapReader\tinyxml2.cpp" />
    <ClCompile Include="MapReader\TmxEllipse.cpp" />
    <ClCompile Include="MapReader\TmxImage.cpp" />
    <ClCompile Include="MapReader\TmxImageLayer.cpp" />
    <ClCompile Include="MapReader\TmxLayer.cpp" />
    <ClCompile Include="MapReader\TmxMap.cpp" />
    <ClCompile Include="MapReader\TmxObject.cpp" />
    <ClCompile Include="MapReader\TmxObjectGroup.cpp" />
    <ClCompile Include="MapReader\TmxPolygon.cpp" />
    <ClCompile Include="MapReader\TmxPolyline.cpp" />
    <ClCompile Include="MapReader\TmxPropertySet.cpp" />
    <ClCompile Include="MapReader\TmxTerrain.cpp" />
    <ClCompile Include="MapReader\TmxTerrainArray.cpp" />
    <ClCompile Include="MapReader\TmxTile.cpp" />
    <ClCompile Include="MapReader\TmxTileLayer.cpp" />
    <ClCompile Include="MapReader\TmxTileOffset.cpp" />
    <ClCompile Include="MapReader\TmxTileset.cpp" />
    <ClCompile Include="MapReader\TmxUtil.cpp" />
    <ClCompile Include="pugixml\pugixml.cpp" />
    <ClCompile Include="State\BeingAttacked.cpp" />
    <ClCompile Include="State\BeingAttackedAndDie.cpp" />
    <ClCompile Include="State\BeingRescued.cpp" />
    <ClCompile Include="State\Brake.cpp" />
    <ClCompile Include="State\Climb.cpp" />
    <ClCompile Include="State\Fall.cpp" />
    <ClCompile Include="State\Flip.cpp" />
    <ClCompile Include="State\Grounding.cpp" />
    <ClCompile Include="State\HeadUp.cpp" />
    <ClCompile Include="State\HeadUpAndSlash.cpp" />
    <ClCompile Include="State\Idle.cpp" />
    <ClCompile Include="State\Idle2.cpp" />
    <ClCompile Include="State\Idle3.cpp" />
    <ClCompile Include="State\IdleToLook.cpp" />
    <ClCompile Include="State\IdleWhenWing.cpp" />
    <ClCompile Include="State\Jump.cpp" />
    <ClCompile Include="State\JumpAndSlash.cpp" />
    <ClCompile Include="State\JumpAndThrow.cpp" />
    <ClCompile Include="State\JumpWhileClimb.cpp" />
    <ClCompile Include="State\IdleWhenClimb.cpp" />
    <ClCompile Include="State\Push.cpp" />
    <ClCompile Include="State\Random.cpp" />
    <ClCompile Include="State\Run.cpp" />
    <ClCompile Include="State\RunAndJump.cpp" />
    <ClCompile Include="State\RunAndSlash.cpp" />
    <ClCompile Include="State\RunAndThrow.cpp" />
    <ClCompile Include="State\IdleToSit.cpp" />
    <ClCompile Include="State\Sit.cpp" />
    <ClCompile Include="State\SitAndSlash.cpp" />
    <ClCompile Include="State\SitAndThrow.cpp" />
    <ClCompile Include="State\Slash.cpp" />
    <ClCompile Include="State\SlashWhenClimb.cpp" />
    <ClCompile Include="State\SlashWhenWing.cpp" />
    <ClCompile Include="State\State.cpp" />
    <ClCompile Include="State\Throw.cpp" />
    <ClCompile Include="State\ThrowWhenClimb.cpp" />
    <ClCompile Include="State\ThrowWhenWing.cpp" />
    <ClCompile Include="State\Wing.cpp" />
    <ClCompile Include="GameObject\Enemies\ThinEnemy\ThinEnemyIdleState.cpp" />
    <ClCompile Include="GameObject\Enemies\FatEnemy\FatEnemyWalkState.cpp" />
    <ClCompile Include="GameObject\Enemies\FatEnemy\FatEnemyInAttackedState.cpp" />
    <ClCompile Include="GameObject\Enemies\FatEnemy\FatEnemyAttackState.cpp" />
    <ClCompile Include="GameObject\Enemies\BigEnemy\BigEnemyWalkState.cpp" />
    <ClCompile Include="GameObject\Enemies\BigEnemy\BigEnemyInAttackedState.cpp" />
    <ClCompile Include="GameObject\Enemies\BigEnemy\BigEnemyAttackState.cpp" />
    <ClCompile Include="GameObject\BackgroundLv1Scene.cpp" />
    <ClCompile Include="GameObject\Enemies\KnifeEnemy\KnifeEnemyIdleState.cpp" />
    <ClCompile Include="GameObject\Enemies\HideEnemy\HideEnemyWalkState.cpp" />
    <ClCompile Include="GameObject\Enemies\HideEnemy\HideEnemyAttackState.cpp" />
    <ClCompile Include="GameObject\Enemies\WallEnemy\WallEnemyAttackState.cpp" />
    <ClCompile Include="GameObject\BackgroundSky.cpp" />
    <ClCompile Include="GameObject\Rope.cpp" />
    <ClCompile Include="GameObject\Weapon.cpp" />
    <ClCompile Include="GameObject\Weapons\AppleToThrow.cpp" />
    <ClCompile Include="GameObject\Weapons\KnifeToThrow.cpp" />
    <ClCompile Include="GameObject\Rope.cpp" />
    <ClCompile Include="GameObject\Rope.cpp" />
    <ClCompile Include="State\IdleToClimb.cpp" />
    <ClCompile Include="GameObject\Enemies\BigEnemy\BigEnemyDefiantState.cpp" />
    <ClCompile Include="Framework\Text.cpp" />
    <ClCompile Include="GameObject\BackgroundMenu.cpp" />
    <ClCompile Include="GameObject\TitleMenuScene.cpp" />
    <ClCompile Include="MenuSelectorScene.cpp" />
    <ClCompile Include="GameObject\KnifeMenuSelector.cpp" />
  </ItemGroup>
  <ItemGroup>
    <ClInclude Include="GameObject\Aladdin.h" />
    <ClInclude Include="DirectX\Include\audiodefs.h" />
    <ClInclude Include="DirectX\Include\comdecl.h" />
    <ClInclude Include="DirectX\Include\D2D1.h" />
    <ClInclude Include="DirectX\Include\D2D1Helper.h" />
    <ClInclude Include="DirectX\Include\D2DBaseTypes.h" />
    <ClInclude Include="DirectX\Include\D2Derr.h" />
    <ClInclude Include="DirectX\Include\D3D10.h" />
    <ClInclude Include="DirectX\Include\D3D10effect.h" />
    <ClInclude Include="DirectX\Include\d3d10misc.h" />
    <ClInclude Include="DirectX\Include\d3d10sdklayers.h" />
    <ClInclude Include="DirectX\Include\D3D10shader.h" />
    <ClInclude Include="DirectX\Include\D3D10_1.h" />
    <ClInclude Include="DirectX\Include\D3D10_1shader.h" />
    <ClInclude Include="DirectX\Include\D3D11.h" />
    <ClInclude Include="DirectX\Include\D3D11SDKLayers.h" />
    <ClInclude Include="DirectX\Include\D3D11Shader.h" />
    <ClInclude Include="DirectX\Include\d3d9.h" />
    <ClInclude Include="DirectX\Include\d3d9caps.h" />
    <ClInclude Include="DirectX\Include\d3d9types.h" />
    <ClInclude Include="DirectX\Include\D3Dcommon.h" />
    <ClInclude Include="DirectX\Include\D3Dcompiler.h" />
    <ClInclude Include="DirectX\Include\D3DCSX.h" />
    <ClInclude Include="DirectX\Include\D3DX10.h" />
    <ClInclude Include="DirectX\Include\d3dx10async.h" />
    <ClInclude Include="DirectX\Include\D3DX10core.h" />
    <ClInclude Include="DirectX\Include\D3DX10math.h" />
    <ClInclude Include="DirectX\Include\D3DX10mesh.h" />
    <ClInclude Include="DirectX\Include\D3DX10tex.h" />
    <ClInclude Include="DirectX\Include\D3DX11.h" />
    <ClInclude Include="DirectX\Include\D3DX11async.h" />
    <ClInclude Include="DirectX\Include\D3DX11core.h" />
    <ClInclude Include="DirectX\Include\D3DX11tex.h" />
    <ClInclude Include="DirectX\Include\d3dx9.h" />
    <ClInclude Include="DirectX\Include\d3dx9anim.h" />
    <ClInclude Include="DirectX\Include\d3dx9core.h" />
    <ClInclude Include="DirectX\Include\d3dx9effect.h" />
    <ClInclude Include="DirectX\Include\d3dx9math.h" />
    <ClInclude Include="DirectX\Include\d3dx9mesh.h" />
    <ClInclude Include="DirectX\Include\d3dx9shader.h" />
    <ClInclude Include="DirectX\Include\d3dx9shape.h" />
    <ClInclude Include="DirectX\Include\d3dx9tex.h" />
    <ClInclude Include="DirectX\Include\d3dx9xof.h" />
    <ClInclude Include="DirectX\Include\Dcommon.h" />
    <ClInclude Include="DirectX\Include\dinput.h" />
    <ClInclude Include="DirectX\Include\dinputd.h" />
    <ClInclude Include="DirectX\Include\dsconf.h" />
    <ClInclude Include="DirectX\Include\dsetup.h" />
    <ClInclude Include="DirectX\Include\dsound.h" />
    <ClInclude Include="DirectX\Include\DWrite.h" />
    <ClInclude Include="DirectX\Include\dxdiag.h" />
    <ClInclude Include="DirectX\Include\DxErr.h" />
    <ClInclude Include="DirectX\Include\dxfile.h" />
    <ClInclude Include="DirectX\Include\DXGI.h" />
    <ClInclude Include="DirectX\Include\DXGIFormat.h" />
    <ClInclude Include="DirectX\Include\DXGIType.h" />
    <ClInclude Include="DirectX\Include\dxsdkver.h" />
    <ClInclude Include="DirectX\Include\gameux.h" />
    <ClInclude Include="DirectX\Include\PIXPlugin.h" />
    <ClInclude Include="DirectX\Include\rmxfguid.h" />
    <ClInclude Include="DirectX\Include\rmxftmpl.h" />
    <ClInclude Include="DirectX\Include\rpcsal.h" />
    <ClInclude Include="DirectX\Include\X3DAudio.h" />
    <ClInclude Include="DirectX\Include\xact3.h" />
    <ClInclude Include="DirectX\Include\xact3d3.h" />
    <ClInclude Include="DirectX\Include\xact3wb.h" />
    <ClInclude Include="DirectX\Include\XAPO.h" />
    <ClInclude Include="DirectX\Include\XAPOBase.h" />
    <ClInclude Include="DirectX\Include\XAPOFX.h" />
    <ClInclude Include="DirectX\Include\XAudio2.h" />
    <ClInclude Include="DirectX\Include\XAudio2fx.h" />
    <ClInclude Include="DirectX\Include\XDSP.h" />
    <ClInclude Include="DirectX\Include\XInput.h" />
    <ClInclude Include="DirectX\Include\xma2defs.h" />
    <ClInclude Include="DirectX\Include\xnamath.h" />
    <ClInclude Include="GameObject\BackgroundLv1Scene.h" />
    <ClInclude Include="GameObject\Enemies\BigEnemy\BigEnemy.h" />
    <ClInclude Include="GameObject\Enemies\BigEnemy\BigEnemyIdleState.h" />
    <ClInclude Include="GameObject\Enemies\BigEnemy\BigEnemyAttackState.h" />
    <ClInclude Include="GameObject\Enemies\BigEnemy\BigEnemyInAttackedState.h" />
    <ClInclude Include="GameObject\Enemies\BigEnemy\BigEnemyWalkState.h" />
    <ClInclude Include="GameObject\Enemies\Enemy.h" />
    <ClInclude Include="Framework\Application.h" />
    <ClInclude Include="Framework\Camera.h" />
    <ClInclude Include="Framework\Color.h" />
    <ClInclude Include="Framework\definitions.h" />
    <ClInclude Include="Framework\GameManager.h" />
    <ClInclude Include="Framework\Graphics.h" />
    <ClInclude Include="Framework\Input.h" />
    <ClInclude Include="Framework\Matrix.h" />
    <ClInclude Include="Framework\Node.h" />
    <ClInclude Include="Framework\PhysicsManager.h" />
    <ClInclude Include="Framework\QuadTree.h" />
    <ClInclude Include="Framework\Rect.h" />
    <ClInclude Include="Framework\RigidBody.h" />
    <ClInclude Include="Framework\Scene.h" />
    <ClInclude Include="Framework\Size.h" />
    <ClInclude Include="Framework\Texture.h" />
    <ClInclude Include="Framework\Vec2.h" />
    <ClInclude Include="Framework\GameMap.h" />
    <ClInclude Include="GameObject\Enemies\EnemyState.h" />
    <ClInclude Include="GameObject\Enemies\FatEnemy\FatEnemy.h" />
    <ClInclude Include="GameObject\Enemies\FatEnemy\FatEnemyIdleState.h" />
    <ClInclude Include="GameObject\Enemies\HideEnemy\HideEnemy.h" />
    <ClInclude Include="GameObject\Enemies\HideEnemy\HideEnemyIdleState.h" />
    <ClInclude Include="GameObject\Enemies\KnifeEnemy\KnifeEnemy.h" />
    <ClInclude Include="GameObject\Enemies\ThinEnemy\ThinEnemyInAttackedState.h" />
    <ClInclude Include="GameObject\Enemies\ThinEnemy\ThinEnemyAttackState.h" />
    <ClInclude Include="GameObject\Enemies\ThinEnemy\ThinEnemyWalkState.h" />
    <ClInclude Include="GameObject\Enemies\WallEnemy\WallEnemy.h" />
    <ClInclude Include="GameObject\Enemies\WallEnemy\WallEnemyIdleState.h" />
    <ClInclude Include="GameObject\GameObject.h" />
    <ClInclude Include="GameObject\Ground\FloatGround\FloatGround.h" />
    <ClInclude Include="GameObject\Ground\Ground.h" />
    <ClInclude Include="GameObject\Ground\SpringBoard\SpringBoard.h" />
    <ClInclude Include="GameObject\Ground\SpringBoard\SpringBoardIdleState.h" />
    <ClInclude Include="GameObject\Ground\SpringBoard\SpringBoardState.h" />
    <ClInclude Include="GameObject\Items\Apple\Apple.h" />
    <ClInclude Include="GameObject\Items\Camel\Camel.h" />
    <ClInclude Include="GameObject\Items\Camel\CamelState.h" />
    <ClInclude Include="GameObject\Items\Camel\CamelIdleState.h" />
    <ClInclude Include="GameObject\Wall\Wall.h" />
    <ClInclude Include="Lv1Scene.h" />
    <ClInclude Include="MapReader\base64.h" />
    <ClInclude Include="MapReader\tinyxml2.h" />
    <ClInclude Include="MapReader\TmxEllipse.h" />
    <ClInclude Include="MapReader\TmxImage.h" />
    <ClInclude Include="MapReader\TmxImageLayer.h" />
    <ClInclude Include="MapReader\TmxLayer.h" />
    <ClInclude Include="MapReader\TmxMap.h" />
    <ClInclude Include="MapReader\TmxMapTile.h" />
    <ClInclude Include="MapReader\TmxObject.h" />
    <ClInclude Include="MapReader\TmxObjectGroup.h" />
    <ClInclude Include="MapReader\TmxPoint.h" />
    <ClInclude Include="MapReader\TmxPolygon.h" />
    <ClInclude Include="MapReader\TmxPolyline.h" />
    <ClInclude Include="MapReader\TmxPropertySet.h" />
    <ClInclude Include="MapReader\TmxTerrain.h" />
    <ClInclude Include="MapReader\TmxTerrainArray.h" />
    <ClInclude Include="MapReader\TmxTile.h" />
    <ClInclude Include="MapReader\TmxTileLayer.h" />
    <ClInclude Include="MapReader\TmxTileOffset.h" />
    <ClInclude Include="MapReader\TmxTileset.h" />
    <ClInclude Include="MapReader\TmxUtil.h" />
    <ClInclude Include="MapReader\zconf.h" />
    <ClInclude Include="MapReader\zlib.h" />
    <ClInclude Include="pugixml\pugiconfig.hpp" />
    <ClInclude Include="pugixml\pugixml.hpp" />
    <ClInclude Include="State\BeingAttacked.h" />
    <ClInclude Include="State\BeingAttackedAndDie.h" />
    <ClInclude Include="State\BeingRescued.h" />
    <ClInclude Include="State\Brake.h" />
    <ClInclude Include="State\Climb.h" />
    <ClInclude Include="State\Fall.h" />
    <ClInclude Include="State\Flip.h" />
    <ClInclude Include="State\Grounding.h" />
    <ClInclude Include="State\HeadUp.h" />
    <ClInclude Include="State\HeadUpAndSlash.h" />
    <ClInclude Include="State\Idle.h" />
    <ClInclude Include="State\Idle2.h" />
    <ClInclude Include="State\Idle3.h" />
    <ClInclude Include="State\IdleToLook.h" />
    <ClInclude Include="State\IdleWhenClimb.h" />
    <ClInclude Include="State\IdleWhenWing.h" />
    <ClInclude Include="State\Jump.h" />
    <ClInclude Include="State\JumpAndSlash.h" />
    <ClInclude Include="State\JumpAndThrow.h" />
    <ClInclude Include="State\JumpWhileClimb.h" />
    <ClInclude Include="State\Push.h" />
    <ClInclude Include="State\Random.h" />
    <ClInclude Include="State\Run.h" />
    <ClInclude Include="State\RunAndJump.h" />
    <ClInclude Include="State\RunAndSlash.h" />
    <ClInclude Include="State\RunAndThrow.h" />
    <ClInclude Include="State\IdleToSit.h" />
    <ClInclude Include="State\Sit.h" />
    <ClInclude Include="State\SitAndSlash.h" />
    <ClInclude Include="State\SitAndThrow.h" />
    <ClInclude Include="State\Slash.h" />
    <ClInclude Include="State\SlashWhenWing.h" />
    <ClInclude Include="State\SlashWhenClimb.h" />
    <ClInclude Include="State\State.h" />
    <ClInclude Include="State\StateInclude.h" />
    <ClInclude Include="State\Throw.h" />
    <ClInclude Include="State\ThrowWhenWing.h" />
    <ClInclude Include="State\ThrowWhenClimb.h" />
    <ClInclude Include="State\Wing.h" />
    <ClInclude Include="GameObject\Enemies\ThinEnemy\ThinEnemy.h" />
    <ClInclude Include="GameObject\Enemies\ThinEnemy\ThinEnemyIdleState.h" />
    <ClInclude Include="GameObject\Enemies\FatEnemy\FatEnemyWalkState.h" />
    <ClInclude Include="GameObject\Enemies\FatEnemy\FatEnemyInAttackedState.h" />
    <ClInclude Include="GameObject\Enemies\FatEnemy\FatEnemyAttackState.h" />
    <ClInclude Include="GameObject\Enemies\BigEnemy\BigEnemyWalkState.h" />
    <ClInclude Include="GameObject\Enemies\BigEnemy\BigEnemyInAttackedState.h" />
    <ClInclude Include="GameObject\Enemies\BigEnemy\BigEnemyAttackState.h" />
    <ClInclude Include="GameObject\BackgroundLv1Scene.h" />
    <ClInclude Include="GameObject\Enemies\KnifeEnemy\KnifeEnemyIdleState.h" />
    <ClInclude Include="GameObject\Enemies\HideEnemy\HideEnemyWalkState.h" />
    <ClInclude Include="GameObject\Enemies\HideEnemy\HideEnemyAttackState.h" />
    <ClInclude Include="GameObject\Enemies\WallEnemy\WallEnemyAttackState.h" />
    <ClInclude Include="GameObject\BackgroundSky.h" />
    <ClInclude Include="GameObject\Rope.h" />
    <ClInclude Include="GameObject\Weapon.h" />
    <ClInclude Include="GameObject\Weapons\AppleToThrow.h" />
    <ClInclude Include="GameObject\Weapons\KnifeToThrow.h" />
    <ClInclude Include="GameObject\Rope.h" />
    <ClInclude Include="GameObject\Rope.h" />
    <ClInclude Include="State\IdleToClimb.h" />
    <ClInclude Include="GameObject\Enemies\BigEnemy\BigEnemyDefiantState.h" />
    <ClInclude Include="Framework\Text.h" />
    <ClInclude Include="GameObject\BackgroundMenu.h" />
    <ClInclude Include="GameObject\TitleMenuScene.h" />
    <ClInclude Include="MenuSelectorScene.h" />
    <ClInclude Include="GameObject\KnifeMenuSelector.h" />
  </ItemGroup>
  <ItemGroup>
    <Library Include="DirectX\Lib\d2d1.lib" />
    <Library Include="DirectX\Lib\d3d10.lib" />
    <Library Include="DirectX\Lib\d3d10_1.lib" />
    <Library Include="DirectX\Lib\d3d11.lib" />
    <Library Include="DirectX\Lib\d3d9.lib" />
    <Library Include="DirectX\Lib\d3dcompiler.lib" />
    <Library Include="DirectX\Lib\D3DCSX.lib" />
    <Library Include="DirectX\Lib\D3DCSXd.lib" />
    <Library Include="DirectX\Lib\d3dx10.lib" />
    <Library Include="DirectX\Lib\d3dx10d.lib" />
    <Library Include="DirectX\Lib\d3dx11.lib" />
    <Library Include="DirectX\Lib\d3dx11d.lib" />
    <Library Include="DirectX\Lib\d3dx9.lib" />
    <Library Include="DirectX\Lib\d3dx9d.lib" />
    <Library Include="DirectX\Lib\d3dxof.lib" />
    <Library Include="DirectX\Lib\dinput8.lib" />
    <Library Include="DirectX\Lib\dsetup.lib" />
    <Library Include="DirectX\Lib\dsound.lib" />
    <Library Include="DirectX\Lib\dwrite.lib" />
    <Library Include="DirectX\Lib\DxErr.lib" />
    <Library Include="DirectX\Lib\dxgi.lib" />
    <Library Include="DirectX\Lib\dxguid.lib" />
    <Library Include="DirectX\Lib\X3DAudio.lib" />
    <Library Include="DirectX\Lib\xapobase.lib" />
    <Library Include="DirectX\Lib\xapobased.lib" />
    <Library Include="DirectX\Lib\XAPOFX.lib" />
    <Library Include="DirectX\Lib\XInput.lib" />
    <Library Include="zlib.lib" />
  </ItemGroup>
  <ItemGroup>
    <Xml Include="Resources\Enemies\Camel.xml" />
    <Xml Include="Resources\Enemies\Enemies.xml" />
    <Xml Include="Resources\Enemies\Enemies2.xml" />
    <Xml Include="Resources\Items\Camel.xml" />
    <Xml Include="Resources\Enemies\KnifeToThrow.xml" />
    <Xml Include="Resources\action2.xml" />
  </ItemGroup>
  <ItemGroup>
    <Image Include="Resources\AgrabahMarket.png" />
    <Image Include="Resources\AgrabahMarket1.png" />
    <Image Include="Resources\AgrabahMarket2.png" />
    <Image Include="Resources\ala.png" />
    <Image Include="Resources\Aladdin1.png" />
    <Image Include="Resources\apple1.png" />
    <Image Include="Resources\demo_tmx\apple.png" />
    <Image Include="Resources\demo_tmx\Camel.png" />
    <Image Include="Resources\demo_tmx\Enemy-1.png" />
    <Image Include="Resources\demo_tmx\Enemy-2.png" />
    <Image Include="Resources\demo_tmx\Enemy-3.png" />
    <Image Include="Resources\demo_tmx\Enemy-4.png" />
    <Image Include="Resources\demo_tmx\Enemy-5.png" />
    <Image Include="Resources\demo_tmx\FloatGround.png" />
    <Image Include="Resources\demo_tmx\Player.png" />
    <Image Include="Resources\demo_tmx\springboard.png" />
    <Image Include="Resources\demo_tmx\WallEnemy.png" />
    <Image Include="Resources\Enemies\Genesis 32X SCD - Aladdin - Civilian Enemies.png" />
    <Image Include="Resources\Enemies\Genesis 32X SCD - Aladdin - Enemy Explosions.png" />
    <Image Include="Resources\Enemies\Genesis 32X SCD - Aladdin - Guards.png" />
    <Image Include="Resources\Enemies\Genesis 32X SCD - Aladdin - Items.png" />
    <Image Include="Resources\ground.png" />
    <Image Include="Resources\Items\Apple.png" />
    <Image Include="Resources\Items\FloatGround.png" />
    <Image Include="Resources\Items\Genesis 32X SCD - Aladdin - Camel.png" />
    <Image Include="Resources\Items\springboard.png" />
    <Image Include="Resources\market BG.png" />
    <Image Include="Resources\red_rect.png" />
    <Image Include="Resources\texture3.png" />
    <Image Include="RunAndSlash.png" />
    <Image Include="Resources\bg_sky.jpg" />
    <Image Include="Resources\Menu\victory.png" />
    <Image Include="Resources\Menu\backgroundMenu.png" />
    <Image Include="Resources\Menu\menu_select.png" />
    <Image Include="Resources\Menu\number.png" />
    <Image Include="Resources\Menu\title.png" />
    <Image Include="Resources\Menu\menuknife.png" />
  </ItemGroup>
  <ItemGroup>
    <None Include="ClassDiagram.cd" />
    <None Include="DirectX\Include\D3DX10math.inl" />
    <None Include="DirectX\Include\d3dx9math.inl" />
    <None Include="DirectX\Include\D3DX_DXGIFormatConvert.inl" />
    <None Include="DirectX\Include\xnamathconvert.inl" />
    <None Include="DirectX\Include\xnamathmatrix.inl" />
    <None Include="DirectX\Include\xnamathmisc.inl" />
    <None Include="DirectX\Include\xnamathvector.inl" />
    <None Include="MapReader\Tmx.h.in" />
    <None Include="Resources\AgrabahMarket.tmx" />
    <None Include="zlibwapi.dll" />
    <Image Include="Resources\ground.png">
      <Filter>Resources</Filter>
    </Image>
    <Image Include="Resources\Rope.png" />
  </ItemGroup>
</Project>