<?xml version="1.0" encoding="utf-8"?>
<Project ToolsVersion="4.0" xmlns="http://schemas.microsoft.com/developer/msbuild/2003">
  <ItemGroup>
    <Filter Include="Source Files">
      <UniqueIdentifier>{4FC737F1-C7A5-4376-A066-2A32D752A2FF}</UniqueIdentifier>
      <Extensions>cpp;c;cc;cxx;def;odl;idl;hpj;bat;asm;asmx</Extensions>
    </Filter>
    <Filter Include="Header Files">
      <UniqueIdentifier>{93995380-89BD-4b04-88EB-625FBE52EBFB}</UniqueIdentifier>
      <Extensions>h;hh;hpp;hxx;hm;inl;inc;xsd</Extensions>
    </Filter>
    <Filter Include="DirectX">
      <UniqueIdentifier>{b5af328b-d4b4-4f3c-a563-edfd25e17e0d}</UniqueIdentifier>
    </Filter>
    <Filter Include="DirectX\Include">
      <UniqueIdentifier>{c5e5c4fc-c75c-4788-ad8f-b72885d308e5}</UniqueIdentifier>
    </Filter>
    <Filter Include="Framework">
      <UniqueIdentifier>{e2bd6f9a-b2f1-4375-b14e-5835e318de9f}</UniqueIdentifier>
    </Filter>
    <Filter Include="DirectX\Lib">
      <UniqueIdentifier>{d5d29041-82e7-459b-86ae-e1101f36ddf0}</UniqueIdentifier>
    </Filter>
    <Filter Include="pugixml">
      <UniqueIdentifier>{8001d485-fc03-48d2-9a64-e0c342c3132a}</UniqueIdentifier>
    </Filter>
    <Filter Include="State">
      <UniqueIdentifier>{e62cfcda-4cb1-4b9e-95f6-b2cb72437e1d}</UniqueIdentifier>
    </Filter>
    <Filter Include="Resources">
      <UniqueIdentifier>{401560a3-2122-4258-b09f-318daa0a7ede}</UniqueIdentifier>
    </Filter>
  </ItemGroup>
  <ItemGroup>
    <ClInclude Include="DirectX\Include\audiodefs.h">
      <Filter>DirectX\Include</Filter>
    </ClInclude>
    <ClInclude Include="DirectX\Include\comdecl.h">
      <Filter>DirectX\Include</Filter>
    </ClInclude>
    <ClInclude Include="DirectX\Include\D2D1.h">
      <Filter>DirectX\Include</Filter>
    </ClInclude>
    <ClInclude Include="DirectX\Include\D2D1Helper.h">
      <Filter>DirectX\Include</Filter>
    </ClInclude>
    <ClInclude Include="DirectX\Include\D2DBaseTypes.h">
      <Filter>DirectX\Include</Filter>
    </ClInclude>
    <ClInclude Include="DirectX\Include\D2Derr.h">
      <Filter>DirectX\Include</Filter>
    </ClInclude>
    <ClInclude Include="DirectX\Include\d3d9.h">
      <Filter>DirectX\Include</Filter>
    </ClInclude>
    <ClInclude Include="DirectX\Include\d3d9caps.h">
      <Filter>DirectX\Include</Filter>
    </ClInclude>
    <ClInclude Include="DirectX\Include\d3d9types.h">
      <Filter>DirectX\Include</Filter>
    </ClInclude>
    <ClInclude Include="DirectX\Include\D3D10.h">
      <Filter>DirectX\Include</Filter>
    </ClInclude>
    <ClInclude Include="DirectX\Include\D3D10_1.h">
      <Filter>DirectX\Include</Filter>
    </ClInclude>
    <ClInclude Include="DirectX\Include\D3D10_1shader.h">
      <Filter>DirectX\Include</Filter>
    </ClInclude>
    <ClInclude Include="DirectX\Include\D3D10effect.h">
      <Filter>DirectX\Include</Filter>
    </ClInclude>
    <ClInclude Include="DirectX\Include\d3d10misc.h">
      <Filter>DirectX\Include</Filter>
    </ClInclude>
    <ClInclude Include="DirectX\Include\d3d10sdklayers.h">
      <Filter>DirectX\Include</Filter>
    </ClInclude>
    <ClInclude Include="DirectX\Include\D3D10shader.h">
      <Filter>DirectX\Include</Filter>
    </ClInclude>
    <ClInclude Include="DirectX\Include\D3D11.h">
      <Filter>DirectX\Include</Filter>
    </ClInclude>
    <ClInclude Include="DirectX\Include\D3D11SDKLayers.h">
      <Filter>DirectX\Include</Filter>
    </ClInclude>
    <ClInclude Include="DirectX\Include\D3D11Shader.h">
      <Filter>DirectX\Include</Filter>
    </ClInclude>
    <ClInclude Include="DirectX\Include\D3Dcommon.h">
      <Filter>DirectX\Include</Filter>
    </ClInclude>
    <ClInclude Include="DirectX\Include\D3Dcompiler.h">
      <Filter>DirectX\Include</Filter>
    </ClInclude>
    <ClInclude Include="DirectX\Include\D3DCSX.h">
      <Filter>DirectX\Include</Filter>
    </ClInclude>
    <ClInclude Include="DirectX\Include\d3dx9.h">
      <Filter>DirectX\Include</Filter>
    </ClInclude>
    <ClInclude Include="DirectX\Include\d3dx9anim.h">
      <Filter>DirectX\Include</Filter>
    </ClInclude>
    <ClInclude Include="DirectX\Include\d3dx9core.h">
      <Filter>DirectX\Include</Filter>
    </ClInclude>
    <ClInclude Include="DirectX\Include\d3dx9effect.h">
      <Filter>DirectX\Include</Filter>
    </ClInclude>
    <ClInclude Include="DirectX\Include\d3dx9math.h">
      <Filter>DirectX\Include</Filter>
    </ClInclude>
    <ClInclude Include="DirectX\Include\d3dx9mesh.h">
      <Filter>DirectX\Include</Filter>
    </ClInclude>
    <ClInclude Include="DirectX\Include\d3dx9shader.h">
      <Filter>DirectX\Include</Filter>
    </ClInclude>
    <ClInclude Include="DirectX\Include\d3dx9shape.h">
      <Filter>DirectX\Include</Filter>
    </ClInclude>
    <ClInclude Include="DirectX\Include\d3dx9tex.h">
      <Filter>DirectX\Include</Filter>
    </ClInclude>
    <ClInclude Include="DirectX\Include\d3dx9xof.h">
      <Filter>DirectX\Include</Filter>
    </ClInclude>
    <ClInclude Include="DirectX\Include\D3DX10.h">
      <Filter>DirectX\Include</Filter>
    </ClInclude>
    <ClInclude Include="DirectX\Include\d3dx10async.h">
      <Filter>DirectX\Include</Filter>
    </ClInclude>
    <ClInclude Include="DirectX\Include\D3DX10core.h">
      <Filter>DirectX\Include</Filter>
    </ClInclude>
    <ClInclude Include="DirectX\Include\D3DX10math.h">
      <Filter>DirectX\Include</Filter>
    </ClInclude>
    <ClInclude Include="DirectX\Include\D3DX10mesh.h">
      <Filter>DirectX\Include</Filter>
    </ClInclude>
    <ClInclude Include="DirectX\Include\D3DX10tex.h">
      <Filter>DirectX\Include</Filter>
    </ClInclude>
    <ClInclude Include="DirectX\Include\D3DX11.h">
      <Filter>DirectX\Include</Filter>
    </ClInclude>
    <ClInclude Include="DirectX\Include\D3DX11async.h">
      <Filter>DirectX\Include</Filter>
    </ClInclude>
    <ClInclude Include="DirectX\Include\D3DX11core.h">
      <Filter>DirectX\Include</Filter>
    </ClInclude>
    <ClInclude Include="DirectX\Include\D3DX11tex.h">
      <Filter>DirectX\Include</Filter>
    </ClInclude>
    <ClInclude Include="DirectX\Include\Dcommon.h">
      <Filter>DirectX\Include</Filter>
    </ClInclude>
    <ClInclude Include="DirectX\Include\dinput.h">
      <Filter>DirectX\Include</Filter>
    </ClInclude>
    <ClInclude Include="DirectX\Include\dinputd.h">
      <Filter>DirectX\Include</Filter>
    </ClInclude>
    <ClInclude Include="DirectX\Include\dsconf.h">
      <Filter>DirectX\Include</Filter>
    </ClInclude>
    <ClInclude Include="DirectX\Include\dsetup.h">
      <Filter>DirectX\Include</Filter>
    </ClInclude>
    <ClInclude Include="DirectX\Include\dsound.h">
      <Filter>DirectX\Include</Filter>
    </ClInclude>
    <ClInclude Include="DirectX\Include\DWrite.h">
      <Filter>DirectX\Include</Filter>
    </ClInclude>
    <ClInclude Include="DirectX\Include\dxdiag.h">
      <Filter>DirectX\Include</Filter>
    </ClInclude>
    <ClInclude Include="DirectX\Include\DxErr.h">
      <Filter>DirectX\Include</Filter>
    </ClInclude>
    <ClInclude Include="DirectX\Include\dxfile.h">
      <Filter>DirectX\Include</Filter>
    </ClInclude>
    <ClInclude Include="DirectX\Include\DXGI.h">
      <Filter>DirectX\Include</Filter>
    </ClInclude>
    <ClInclude Include="DirectX\Include\DXGIFormat.h">
      <Filter>DirectX\Include</Filter>
    </ClInclude>
    <ClInclude Include="DirectX\Include\DXGIType.h">
      <Filter>DirectX\Include</Filter>
    </ClInclude>
    <ClInclude Include="DirectX\Include\dxsdkver.h">
      <Filter>DirectX\Include</Filter>
    </ClInclude>
    <ClInclude Include="DirectX\Include\gameux.h">
      <Filter>DirectX\Include</Filter>
    </ClInclude>
    <ClInclude Include="DirectX\Include\PIXPlugin.h">
      <Filter>DirectX\Include</Filter>
    </ClInclude>
    <ClInclude Include="DirectX\Include\rmxfguid.h">
      <Filter>DirectX\Include</Filter>
    </ClInclude>
    <ClInclude Include="DirectX\Include\rmxftmpl.h">
      <Filter>DirectX\Include</Filter>
    </ClInclude>
    <ClInclude Include="DirectX\Include\rpcsal.h">
      <Filter>DirectX\Include</Filter>
    </ClInclude>
    <ClInclude Include="DirectX\Include\X3DAudio.h">
      <Filter>DirectX\Include</Filter>
    </ClInclude>
    <ClInclude Include="DirectX\Include\xact3.h">
      <Filter>DirectX\Include</Filter>
    </ClInclude>
    <ClInclude Include="DirectX\Include\xact3d3.h">
      <Filter>DirectX\Include</Filter>
    </ClInclude>
    <ClInclude Include="DirectX\Include\xact3wb.h">
      <Filter>DirectX\Include</Filter>
    </ClInclude>
    <ClInclude Include="DirectX\Include\XAPO.h">
      <Filter>DirectX\Include</Filter>
    </ClInclude>
    <ClInclude Include="DirectX\Include\XAPOBase.h">
      <Filter>DirectX\Include</Filter>
    </ClInclude>
    <ClInclude Include="DirectX\Include\XAPOFX.h">
      <Filter>DirectX\Include</Filter>
    </ClInclude>
    <ClInclude Include="DirectX\Include\XAudio2.h">
      <Filter>DirectX\Include</Filter>
    </ClInclude>
    <ClInclude Include="DirectX\Include\XAudio2fx.h">
      <Filter>DirectX\Include</Filter>
    </ClInclude>
    <ClInclude Include="DirectX\Include\XDSP.h">
      <Filter>DirectX\Include</Filter>
    </ClInclude>
    <ClInclude Include="DirectX\Include\XInput.h">
      <Filter>DirectX\Include</Filter>
    </ClInclude>
    <ClInclude Include="DirectX\Include\xma2defs.h">
      <Filter>DirectX\Include</Filter>
    </ClInclude>
    <ClInclude Include="DirectX\Include\xnamath.h">
      <Filter>DirectX\Include</Filter>
    </ClInclude>
    <ClInclude Include="Framework\Application.h">
      <Filter>Framework</Filter>
    </ClInclude>
    <ClInclude Include="Framework\definitions.h">
      <Filter>Framework</Filter>
    </ClInclude>
    <ClInclude Include="Framework\Graphics.h">
      <Filter>Framework</Filter>
    </ClInclude>
    <ClInclude Include="Framework\Texture.h">
      <Filter>Framework</Filter>
    </ClInclude>
    <ClInclude Include="Framework\Matrix.h">
      <Filter>Framework</Filter>
    </ClInclude>
    <ClInclude Include="Framework\Color.h">
      <Filter>Framework</Filter>
    </ClInclude>
    <ClInclude Include="Framework\Rect.h">
      <Filter>Framework</Filter>
    </ClInclude>
    <ClInclude Include="Framework\Vec2.h">
      <Filter>Framework</Filter>
    </ClInclude>
    <ClInclude Include="Framework\GameManager.h">
      <Filter>Framework</Filter>
    </ClInclude>
    <ClInclude Include="Framework\Node.h">
      <Filter>Framework</Filter>
    </ClInclude>
    <ClInclude Include="Framework\Scene.h">
      <Filter>Framework</Filter>
    </ClInclude>
    <ClInclude Include="Framework\Input.h">
      <Filter>Framework</Filter>
    </ClInclude>
    <ClInclude Include="Framework\Camera.h">
      <Filter>Framework</Filter>
    </ClInclude>
    <ClInclude Include="Lv1Scene.h">
      <Filter>Source Files</Filter>
    </ClInclude>
    <ClInclude Include="Aladdin.h">
      <Filter>Source Files</Filter>
    </ClInclude>
    <ClInclude Include="BackgroundLv1Scene.h">
      <Filter>Source Files</Filter>
    </ClInclude>
    <ClInclude Include="pugixml\pugiconfig.hpp">
      <Filter>pugixml</Filter>
    </ClInclude>
    <ClInclude Include="pugixml\pugixml.hpp">
      <Filter>pugixml</Filter>
    </ClInclude>
    <ClInclude Include="State.h">
      <Filter>State</Filter>
    </ClInclude>
    <ClInclude Include="Idle.h">
      <Filter>State</Filter>
    </ClInclude>
    <ClInclude Include="Run.h">
      <Filter>State</Filter>
    </ClInclude>
    <ClInclude Include="StateInclude.h">
      <Filter>State</Filter>
    </ClInclude>
    <ClInclude Include="SitAndThrow.h">
      <Filter>State</Filter>
    </ClInclude>
  </ItemGroup>
  <ItemGroup>
    <None Include="DirectX\Include\D3DX_DXGIFormatConvert.inl">
      <Filter>DirectX\Include</Filter>
    </None>
    <None Include="DirectX\Include\d3dx9math.inl">
      <Filter>DirectX\Include</Filter>
    </None>
    <None Include="DirectX\Include\D3DX10math.inl">
      <Filter>DirectX\Include</Filter>
    </None>
    <None Include="DirectX\Include\xnamathconvert.inl">
      <Filter>DirectX\Include</Filter>
    </None>
    <None Include="DirectX\Include\xnamathmatrix.inl">
      <Filter>DirectX\Include</Filter>
    </None>
    <None Include="DirectX\Include\xnamathmisc.inl">
      <Filter>DirectX\Include</Filter>
    </None>
    <None Include="DirectX\Include\xnamathvector.inl">
      <Filter>DirectX\Include</Filter>
    </None>
    <None Include="ClassDiagram.cd" />
  </ItemGroup>
  <ItemGroup>
    <ClCompile Include="Framework\Application.cpp">
      <Filter>Framework</Filter>
    </ClCompile>
    <ClCompile Include="Main.cpp">
      <Filter>Source Files</Filter>
    </ClCompile>
    <ClCompile Include="Framework\Graphics.cpp">
      <Filter>Framework</Filter>
    </ClCompile>
    <ClCompile Include="Framework\Texture.cpp">
      <Filter>Framework</Filter>
    </ClCompile>
    <ClCompile Include="Framework\Matrix.cpp">
      <Filter>Framework</Filter>
    </ClCompile>
    <ClCompile Include="Framework\Color.cpp">
      <Filter>Framework</Filter>
    </ClCompile>
    <ClCompile Include="Framework\Rect.cpp">
      <Filter>Framework</Filter>
    </ClCompile>
    <ClCompile Include="Framework\Vec2.cpp">
      <Filter>Framework</Filter>
    </ClCompile>
    <ClCompile Include="Framework\GameManager.cpp">
      <Filter>Framework</Filter>
    </ClCompile>
    <ClCompile Include="Framework\Node.cpp">
      <Filter>Framework</Filter>
    </ClCompile>
    <ClCompile Include="Framework\Scene.cpp">
      <Filter>Framework</Filter>
    </ClCompile>
    <ClCompile Include="Framework\Input.cpp">
      <Filter>Framework</Filter>
    </ClCompile>
    <ClCompile Include="Framework\Camera.cpp">
      <Filter>Framework</Filter>
    </ClCompile>
    <ClCompile Include="Lv1Scene.cpp">
      <Filter>Source Files</Filter>
    </ClCompile>
    <ClCompile Include="Aladdin.cpp">
      <Filter>Source Files</Filter>
    </ClCompile>
    <ClCompile Include="BackgroundLv1Scene.cpp">
      <Filter>Source Files</Filter>
    </ClCompile>
    <ClCompile Include="pugixml\pugixml.cpp">
      <Filter>pugixml</Filter>
    </ClCompile>
    <ClCompile Include="State.cpp">
      <Filter>State</Filter>
    </ClCompile>
    <ClCompile Include="Idle.cpp">
      <Filter>State</Filter>
    </ClCompile>
    <ClCompile Include="Run.cpp">
      <Filter>State</Filter>
    </ClCompile>
    <ClCompile Include="SitAndThrow.cpp">
      <Filter>State</Filter>
    </ClCompile>
  </ItemGroup>
  <ItemGroup>
    <Library Include="DirectX\Lib\d2d1.lib">
      <Filter>DirectX\Lib</Filter>
    </Library>
    <Library Include="DirectX\Lib\d3d9.lib">
      <Filter>DirectX\Lib</Filter>
    </Library>
    <Library Include="DirectX\Lib\d3d10.lib">
      <Filter>DirectX\Lib</Filter>
    </Library>
    <Library Include="DirectX\Lib\d3d10_1.lib">
      <Filter>DirectX\Lib</Filter>
    </Library>
    <Library Include="DirectX\Lib\d3d11.lib">
      <Filter>DirectX\Lib</Filter>
    </Library>
    <Library Include="DirectX\Lib\d3dcompiler.lib">
      <Filter>DirectX\Lib</Filter>
    </Library>
    <Library Include="DirectX\Lib\D3DCSX.lib">
      <Filter>DirectX\Lib</Filter>
    </Library>
    <Library Include="DirectX\Lib\D3DCSXd.lib">
      <Filter>DirectX\Lib</Filter>
    </Library>
    <Library Include="DirectX\Lib\d3dx9.lib">
      <Filter>DirectX\Lib</Filter>
    </Library>
    <Library Include="DirectX\Lib\d3dx9d.lib">
      <Filter>DirectX\Lib</Filter>
    </Library>
    <Library Include="DirectX\Lib\d3dx10.lib">
      <Filter>DirectX\Lib</Filter>
    </Library>
    <Library Include="DirectX\Lib\d3dx10d.lib">
      <Filter>DirectX\Lib</Filter>
    </Library>
    <Library Include="DirectX\Lib\d3dx11.lib">
      <Filter>DirectX\Lib</Filter>
    </Library>
    <Library Include="DirectX\Lib\d3dx11d.lib">
      <Filter>DirectX\Lib</Filter>
    </Library>
    <Library Include="DirectX\Lib\d3dxof.lib">
      <Filter>DirectX\Lib</Filter>
    </Library>
    <Library Include="DirectX\Lib\dinput8.lib">
      <Filter>DirectX\Lib</Filter>
    </Library>
    <Library Include="DirectX\Lib\dsetup.lib">
      <Filter>DirectX\Lib</Filter>
    </Library>
    <Library Include="DirectX\Lib\dsound.lib">
      <Filter>DirectX\Lib</Filter>
    </Library>
    <Library Include="DirectX\Lib\dwrite.lib">
      <Filter>DirectX\Lib</Filter>
    </Library>
    <Library Include="DirectX\Lib\DxErr.lib">
      <Filter>DirectX\Lib</Filter>
    </Library>
    <Library Include="DirectX\Lib\dxgi.lib">
      <Filter>DirectX\Lib</Filter>
    </Library>
    <Library Include="DirectX\Lib\dxguid.lib">
      <Filter>DirectX\Lib</Filter>
    </Library>
    <Library Include="DirectX\Lib\X3DAudio.lib">
      <Filter>DirectX\Lib</Filter>
    </Library>
    <Library Include="DirectX\Lib\xapobase.lib">
      <Filter>DirectX\Lib</Filter>
    </Library>
    <Library Include="DirectX\Lib\xapobased.lib">
      <Filter>DirectX\Lib</Filter>
    </Library>
    <Library Include="DirectX\Lib\XAPOFX.lib">
      <Filter>DirectX\Lib</Filter>
    </Library>
    <Library Include="DirectX\Lib\XInput.lib">
      <Filter>DirectX\Lib</Filter>
    </Library>
  </ItemGroup>
  <ItemGroup>
    <Xml Include="Resources\action2.xml">
      <Filter>Resources</Filter>
    </Xml>
  </ItemGroup>
  <ItemGroup>
    <Image Include="Resources\smallmarketBG.png">
      <Filter>Resources</Filter>
    </Image>
    <Image Include="Resources\market BG.png">
      <Filter>Resources</Filter>
    </Image>
    <Image Include="Resources\ala.png">
      <Filter>Resources</Filter>
    </Image>
  </ItemGroup>
</Project>