<?xml version="1.0" encoding="utf-8"?>
<Project ToolsVersion="4.0" xmlns="http://schemas.microsoft.com/developer/msbuild/2003">
  <ItemGroup>
    <Filter Include="Source Files">
      <UniqueIdentifier>{4FC737F1-C7A5-4376-A066-2A32D752A2FF}</UniqueIdentifier>
      <Extensions>cpp;c;cc;cxx;def;odl;idl;hpj;bat;asm;asmx</Extensions>
    </Filter>
    <Filter Include="Header Files">
      <UniqueIdentifier>{93995380-89BD-4b04-88EB-625FBE52EBFB}</UniqueIdentifier>
      <Extensions>h;hh;hpp;hxx;hm;inl;inc;xsd</Extensions>
    </Filter>
    <Filter Include="DirectX">
      <UniqueIdentifier>{b5af328b-d4b4-4f3c-a563-edfd25e17e0d}</UniqueIdentifier>
    </Filter>
    <Filter Include="DirectX\Include">
      <UniqueIdentifier>{c5e5c4fc-c75c-4788-ad8f-b72885d308e5}</UniqueIdentifier>
    </Filter>
    <Filter Include="Framework">
      <UniqueIdentifier>{e2bd6f9a-b2f1-4375-b14e-5835e318de9f}</UniqueIdentifier>
    </Filter>
    <Filter Include="DirectX\Lib">
      <UniqueIdentifier>{d5d29041-82e7-459b-86ae-e1101f36ddf0}</UniqueIdentifier>
    </Filter>
    <Filter Include="pugixml">
      <UniqueIdentifier>{8001d485-fc03-48d2-9a64-e0c342c3132a}</UniqueIdentifier>
    </Filter>
    <Filter Include="State">
      <UniqueIdentifier>{e62cfcda-4cb1-4b9e-95f6-b2cb72437e1d}</UniqueIdentifier>
    </Filter>
    <Filter Include="Resources">
      <UniqueIdentifier>{401560a3-2122-4258-b09f-318daa0a7ede}</UniqueIdentifier>
    </Filter>
    <Filter Include="Framework\MapReader">
      <UniqueIdentifier>{a049369b-5f05-4abc-a11d-b38ad59bb4bc}</UniqueIdentifier>
    </Filter>
    <Filter Include="GameObjects">
      <UniqueIdentifier>{ae65843d-3f32-4827-a190-f9a7d75107af}</UniqueIdentifier>
    </Filter>
    <Filter Include="GameObjects\Enemies">
      <UniqueIdentifier>{e7215cfc-5ce5-48e5-986c-1edd65bd4928}</UniqueIdentifier>
    </Filter>
    <Filter Include="GameObjects\Enemies\ThinEnemy">
      <UniqueIdentifier>{37c4d3a3-30eb-4267-bfc5-dd80e022604b}</UniqueIdentifier>
    </Filter>
    <Filter Include="GameObjects\Ground">
      <UniqueIdentifier>{57c69c6a-3340-45d9-9ecd-577ba06dd0aa}</UniqueIdentifier>
    </Filter>
    <Filter Include="GameObjects\Enemies\BigEnemy">
      <UniqueIdentifier>{31cc6f3d-e371-4043-88ae-d73651f350d4}</UniqueIdentifier>
    </Filter>
    <Filter Include="GameObjects\Items">
      <UniqueIdentifier>{d6aadf76-4cdd-4417-8fb8-2ecfb54e64c5}</UniqueIdentifier>
    </Filter>
    <Filter Include="GameObjects\Items\Apple">
      <UniqueIdentifier>{64686d27-b40a-4520-a621-719c626f9292}</UniqueIdentifier>
    </Filter>
    <Filter Include="GameObjects\Enemies\FatEnemy">
      <UniqueIdentifier>{6948532a-2298-481a-b1c2-58d85af885e2}</UniqueIdentifier>
    </Filter>
    <Filter Include="GameObjects\Enemies\KnifeEnemy">
      <UniqueIdentifier>{840a5aa9-94be-4bb3-9e7c-1dcaa9470f7d}</UniqueIdentifier>
    </Filter>
    <Filter Include="GameObjects\Enemies\HideEnemy">
      <UniqueIdentifier>{e540a85b-89ed-4d32-86b2-d39a10f8e4bc}</UniqueIdentifier>
    </Filter>
    <Filter Include="GameObjects\Items\Camel">
      <UniqueIdentifier>{db4e45c1-658f-4e53-9621-1423619b4339}</UniqueIdentifier>
    </Filter>
    <Filter Include="GameObjects\Enemies\WallEnemy">
      <UniqueIdentifier>{212dd958-5a7b-4e92-a107-9714bfe17c0e}</UniqueIdentifier>
    </Filter>
    <Filter Include="GameObjects\Ground\FloatGround">
      <UniqueIdentifier>{17ee4f90-dace-468b-89e8-e2ead3bbef44}</UniqueIdentifier>
    </Filter>
    <Filter Include="GameObjects\Ground\SpringBoard">
      <UniqueIdentifier>{33be7112-e33a-4b8d-ab17-160aae958b58}</UniqueIdentifier>
    </Filter>
    <Filter Include="GameObjects\Wall">
      <UniqueIdentifier>{307f1ed8-c573-4d98-bc3a-064bb8cb7172}</UniqueIdentifier>
    </Filter>
  </ItemGroup>
  <ItemGroup>
    <ClInclude Include="DirectX\Include\audiodefs.h">
      <Filter>DirectX\Include</Filter>
    </ClInclude>
    <ClInclude Include="DirectX\Include\comdecl.h">
      <Filter>DirectX\Include</Filter>
    </ClInclude>
    <ClInclude Include="DirectX\Include\D2D1.h">
      <Filter>DirectX\Include</Filter>
    </ClInclude>
    <ClInclude Include="DirectX\Include\D2D1Helper.h">
      <Filter>DirectX\Include</Filter>
    </ClInclude>
    <ClInclude Include="DirectX\Include\D2DBaseTypes.h">
      <Filter>DirectX\Include</Filter>
    </ClInclude>
    <ClInclude Include="DirectX\Include\D2Derr.h">
      <Filter>DirectX\Include</Filter>
    </ClInclude>
    <ClInclude Include="DirectX\Include\d3d9.h">
      <Filter>DirectX\Include</Filter>
    </ClInclude>
    <ClInclude Include="DirectX\Include\d3d9caps.h">
      <Filter>DirectX\Include</Filter>
    </ClInclude>
    <ClInclude Include="DirectX\Include\d3d9types.h">
      <Filter>DirectX\Include</Filter>
    </ClInclude>
    <ClInclude Include="DirectX\Include\D3D10.h">
      <Filter>DirectX\Include</Filter>
    </ClInclude>
    <ClInclude Include="DirectX\Include\D3D10_1.h">
      <Filter>DirectX\Include</Filter>
    </ClInclude>
    <ClInclude Include="DirectX\Include\D3D10_1shader.h">
      <Filter>DirectX\Include</Filter>
    </ClInclude>
    <ClInclude Include="DirectX\Include\D3D10effect.h">
      <Filter>DirectX\Include</Filter>
    </ClInclude>
    <ClInclude Include="DirectX\Include\d3d10misc.h">
      <Filter>DirectX\Include</Filter>
    </ClInclude>
    <ClInclude Include="DirectX\Include\d3d10sdklayers.h">
      <Filter>DirectX\Include</Filter>
    </ClInclude>
    <ClInclude Include="DirectX\Include\D3D10shader.h">
      <Filter>DirectX\Include</Filter>
    </ClInclude>
    <ClInclude Include="DirectX\Include\D3D11.h">
      <Filter>DirectX\Include</Filter>
    </ClInclude>
    <ClInclude Include="DirectX\Include\D3D11SDKLayers.h">
      <Filter>DirectX\Include</Filter>
    </ClInclude>
    <ClInclude Include="DirectX\Include\D3D11Shader.h">
      <Filter>DirectX\Include</Filter>
    </ClInclude>
    <ClInclude Include="DirectX\Include\D3Dcommon.h">
      <Filter>DirectX\Include</Filter>
    </ClInclude>
    <ClInclude Include="DirectX\Include\D3Dcompiler.h">
      <Filter>DirectX\Include</Filter>
    </ClInclude>
    <ClInclude Include="DirectX\Include\D3DCSX.h">
      <Filter>DirectX\Include</Filter>
    </ClInclude>
    <ClInclude Include="DirectX\Include\d3dx9.h">
      <Filter>DirectX\Include</Filter>
    </ClInclude>
    <ClInclude Include="DirectX\Include\d3dx9anim.h">
      <Filter>DirectX\Include</Filter>
    </ClInclude>
    <ClInclude Include="DirectX\Include\d3dx9core.h">
      <Filter>DirectX\Include</Filter>
    </ClInclude>
    <ClInclude Include="DirectX\Include\d3dx9effect.h">
      <Filter>DirectX\Include</Filter>
    </ClInclude>
    <ClInclude Include="DirectX\Include\d3dx9math.h">
      <Filter>DirectX\Include</Filter>
    </ClInclude>
    <ClInclude Include="DirectX\Include\d3dx9mesh.h">
      <Filter>DirectX\Include</Filter>
    </ClInclude>
    <ClInclude Include="DirectX\Include\d3dx9shader.h">
      <Filter>DirectX\Include</Filter>
    </ClInclude>
    <ClInclude Include="DirectX\Include\d3dx9shape.h">
      <Filter>DirectX\Include</Filter>
    </ClInclude>
    <ClInclude Include="DirectX\Include\d3dx9tex.h">
      <Filter>DirectX\Include</Filter>
    </ClInclude>
    <ClInclude Include="DirectX\Include\d3dx9xof.h">
      <Filter>DirectX\Include</Filter>
    </ClInclude>
    <ClInclude Include="DirectX\Include\D3DX10.h">
      <Filter>DirectX\Include</Filter>
    </ClInclude>
    <ClInclude Include="DirectX\Include\d3dx10async.h">
      <Filter>DirectX\Include</Filter>
    </ClInclude>
    <ClInclude Include="DirectX\Include\D3DX10core.h">
      <Filter>DirectX\Include</Filter>
    </ClInclude>
    <ClInclude Include="DirectX\Include\D3DX10math.h">
      <Filter>DirectX\Include</Filter>
    </ClInclude>
    <ClInclude Include="DirectX\Include\D3DX10mesh.h">
      <Filter>DirectX\Include</Filter>
    </ClInclude>
    <ClInclude Include="DirectX\Include\D3DX10tex.h">
      <Filter>DirectX\Include</Filter>
    </ClInclude>
    <ClInclude Include="DirectX\Include\D3DX11.h">
      <Filter>DirectX\Include</Filter>
    </ClInclude>
    <ClInclude Include="DirectX\Include\D3DX11async.h">
      <Filter>DirectX\Include</Filter>
    </ClInclude>
    <ClInclude Include="DirectX\Include\D3DX11core.h">
      <Filter>DirectX\Include</Filter>
    </ClInclude>
    <ClInclude Include="DirectX\Include\D3DX11tex.h">
      <Filter>DirectX\Include</Filter>
    </ClInclude>
    <ClInclude Include="DirectX\Include\Dcommon.h">
      <Filter>DirectX\Include</Filter>
    </ClInclude>
    <ClInclude Include="DirectX\Include\dinput.h">
      <Filter>DirectX\Include</Filter>
    </ClInclude>
    <ClInclude Include="DirectX\Include\dinputd.h">
      <Filter>DirectX\Include</Filter>
    </ClInclude>
    <ClInclude Include="DirectX\Include\dsconf.h">
      <Filter>DirectX\Include</Filter>
    </ClInclude>
    <ClInclude Include="DirectX\Include\dsetup.h">
      <Filter>DirectX\Include</Filter>
    </ClInclude>
    <ClInclude Include="DirectX\Include\dsound.h">
      <Filter>DirectX\Include</Filter>
    </ClInclude>
    <ClInclude Include="DirectX\Include\DWrite.h">
      <Filter>DirectX\Include</Filter>
    </ClInclude>
    <ClInclude Include="DirectX\Include\dxdiag.h">
      <Filter>DirectX\Include</Filter>
    </ClInclude>
    <ClInclude Include="DirectX\Include\DxErr.h">
      <Filter>DirectX\Include</Filter>
    </ClInclude>
    <ClInclude Include="DirectX\Include\dxfile.h">
      <Filter>DirectX\Include</Filter>
    </ClInclude>
    <ClInclude Include="DirectX\Include\DXGI.h">
      <Filter>DirectX\Include</Filter>
    </ClInclude>
    <ClInclude Include="DirectX\Include\DXGIFormat.h">
      <Filter>DirectX\Include</Filter>
    </ClInclude>
    <ClInclude Include="DirectX\Include\DXGIType.h">
      <Filter>DirectX\Include</Filter>
    </ClInclude>
    <ClInclude Include="DirectX\Include\dxsdkver.h">
      <Filter>DirectX\Include</Filter>
    </ClInclude>
    <ClInclude Include="DirectX\Include\gameux.h">
      <Filter>DirectX\Include</Filter>
    </ClInclude>
    <ClInclude Include="DirectX\Include\PIXPlugin.h">
      <Filter>DirectX\Include</Filter>
    </ClInclude>
    <ClInclude Include="DirectX\Include\rmxfguid.h">
      <Filter>DirectX\Include</Filter>
    </ClInclude>
    <ClInclude Include="DirectX\Include\rmxftmpl.h">
      <Filter>DirectX\Include</Filter>
    </ClInclude>
    <ClInclude Include="DirectX\Include\rpcsal.h">
      <Filter>DirectX\Include</Filter>
    </ClInclude>
    <ClInclude Include="DirectX\Include\X3DAudio.h">
      <Filter>DirectX\Include</Filter>
    </ClInclude>
    <ClInclude Include="DirectX\Include\xact3.h">
      <Filter>DirectX\Include</Filter>
    </ClInclude>
    <ClInclude Include="DirectX\Include\xact3d3.h">
      <Filter>DirectX\Include</Filter>
    </ClInclude>
    <ClInclude Include="DirectX\Include\xact3wb.h">
      <Filter>DirectX\Include</Filter>
    </ClInclude>
    <ClInclude Include="DirectX\Include\XAPO.h">
      <Filter>DirectX\Include</Filter>
    </ClInclude>
    <ClInclude Include="DirectX\Include\XAPOBase.h">
      <Filter>DirectX\Include</Filter>
    </ClInclude>
    <ClInclude Include="DirectX\Include\XAPOFX.h">
      <Filter>DirectX\Include</Filter>
    </ClInclude>
    <ClInclude Include="DirectX\Include\XAudio2.h">
      <Filter>DirectX\Include</Filter>
    </ClInclude>
    <ClInclude Include="DirectX\Include\XAudio2fx.h">
      <Filter>DirectX\Include</Filter>
    </ClInclude>
    <ClInclude Include="DirectX\Include\XDSP.h">
      <Filter>DirectX\Include</Filter>
    </ClInclude>
    <ClInclude Include="DirectX\Include\XInput.h">
      <Filter>DirectX\Include</Filter>
    </ClInclude>
    <ClInclude Include="DirectX\Include\xma2defs.h">
      <Filter>DirectX\Include</Filter>
    </ClInclude>
    <ClInclude Include="DirectX\Include\xnamath.h">
      <Filter>DirectX\Include</Filter>
    </ClInclude>
    <ClInclude Include="Framework\Application.h">
      <Filter>Framework</Filter>
    </ClInclude>
    <ClInclude Include="Framework\definitions.h">
      <Filter>Framework</Filter>
    </ClInclude>
    <ClInclude Include="Framework\Graphics.h">
      <Filter>Framework</Filter>
    </ClInclude>
    <ClInclude Include="Framework\Texture.h">
      <Filter>Framework</Filter>
    </ClInclude>
    <ClInclude Include="Framework\Matrix.h">
      <Filter>Framework</Filter>
    </ClInclude>
    <ClInclude Include="Framework\Color.h">
      <Filter>Framework</Filter>
    </ClInclude>
    <ClInclude Include="Framework\Rect.h">
      <Filter>Framework</Filter>
    </ClInclude>
    <ClInclude Include="Framework\Vec2.h">
      <Filter>Framework</Filter>
    </ClInclude>
    <ClInclude Include="Framework\GameManager.h">
      <Filter>Framework</Filter>
    </ClInclude>
    <ClInclude Include="Framework\Node.h">
      <Filter>Framework</Filter>
    </ClInclude>
    <ClInclude Include="Framework\Scene.h">
      <Filter>Framework</Filter>
    </ClInclude>
    <ClInclude Include="Framework\Input.h">
      <Filter>Framework</Filter>
    </ClInclude>
    <ClInclude Include="Framework\Camera.h">
      <Filter>Framework</Filter>
    </ClInclude>
    <ClInclude Include="Lv1Scene.h">
      <Filter>Source Files</Filter>
    </ClInclude>
    <ClInclude Include="Aladdin.h">
      <Filter>Source Files</Filter>
    </ClInclude>
    <ClInclude Include="BackgroundLv1Scene.h">
      <Filter>Source Files</Filter>
    </ClInclude>
    <ClInclude Include="pugixml\pugiconfig.hpp">
      <Filter>pugixml</Filter>
    </ClInclude>
    <ClInclude Include="pugixml\pugixml.hpp">
      <Filter>pugixml</Filter>
    </ClInclude>
    <ClInclude Include="State\Idle.h">
      <Filter>State</Filter>
    </ClInclude>
    <ClInclude Include="State\Run.h">
      <Filter>State</Filter>
    </ClInclude>
    <ClInclude Include="State\State.h">
      <Filter>State</Filter>
    </ClInclude>
    <ClInclude Include="State\StateInclude.h">
      <Filter>State</Filter>
    </ClInclude>
    <ClInclude Include="State\Throw.h">
      <Filter>State</Filter>
    </ClInclude>
    <ClInclude Include="State\Slash.h">
      <Filter>State</Filter>
    </ClInclude>
    <ClInclude Include="State\Jump.h">
      <Filter>State</Filter>
    </ClInclude>
    <ClInclude Include="State\Climb.h">
      <Filter>State</Filter>
    </ClInclude>
    <ClInclude Include="State\RunAndJump.h">
      <Filter>State</Filter>
    </ClInclude>
    <ClInclude Include="State\HeadUp.h">
      <Filter>State</Filter>
    </ClInclude>
    <ClInclude Include="State\JumpAndSlash.h">
      <Filter>State</Filter>
    </ClInclude>
    <ClInclude Include="State\JumpAndThrow.h">
      <Filter>State</Filter>
    </ClInclude>
    <ClInclude Include="State\Push.h">
      <Filter>State</Filter>
    </ClInclude>
    <ClInclude Include="State\HeadUpAndSlash.h">
      <Filter>State</Filter>
    </ClInclude>
    <ClInclude Include="State\BeingAttacked.h">
      <Filter>State</Filter>
    </ClInclude>
    <ClInclude Include="State\BeingAttackedAndDie.h">
      <Filter>State</Filter>
    </ClInclude>
    <ClInclude Include="State\BeingRescued.h">
      <Filter>State</Filter>
    </ClInclude>
    <ClInclude Include="State\Brake.h">
      <Filter>State</Filter>
    </ClInclude>
    <ClInclude Include="State\Fall.h">
      <Filter>State</Filter>
    </ClInclude>
    <ClInclude Include="State\RunAndSlash.h">
      <Filter>State</Filter>
    </ClInclude>
    <ClInclude Include="State\SitAndSlash.h">
      <Filter>State</Filter>
    </ClInclude>
    <ClInclude Include="State\SitAndThrow.h">
      <Filter>State</Filter>
    </ClInclude>
    <ClInclude Include="State\Wing.h">
      <Filter>State</Filter>
    </ClInclude>
    <ClInclude Include="State\IdleWhenWing.h">
      <Filter>State</Filter>
    </ClInclude>
    <ClInclude Include="State\ThrowWhenWing.h">
      <Filter>State</Filter>
    </ClInclude>
    <ClInclude Include="State\SlashWhenWing.h">
      <Filter>State</Filter>
    </ClInclude>
    <ClInclude Include="State\JumpWhileClimb.h">
      <Filter>State</Filter>
    </ClInclude>
    <ClInclude Include="State\IdleWhenClimb.h">
      <Filter>State</Filter>
    </ClInclude>
    <ClInclude Include="State\ThrowWhenClimb.h">
      <Filter>State</Filter>
    </ClInclude>
    <ClInclude Include="State\SlashWhenClimb.h">
      <Filter>State</Filter>
    </ClInclude>
    <ClInclude Include="State\RunAndThrow.h">
      <Filter>State</Filter>
    </ClInclude>
    <ClInclude Include="State\IdleToSit.h">
      <Filter>State</Filter>
    </ClInclude>
    <ClInclude Include="State\Sit.h">
      <Filter>State</Filter>
    </ClInclude>
    <ClInclude Include="Framework\RigidBody.h">
      <Filter>Framework</Filter>
    </ClInclude>
    <ClInclude Include="Framework\PhysicsManager.h">
      <Filter>Framework</Filter>
    </ClInclude>
    <ClInclude Include="Framework\Size.h">
      <Filter>Framework</Filter>
    </ClInclude>
    <ClInclude Include="State\IdleToLook.h">
      <Filter>Header Files</Filter>
    </ClInclude>
    <ClInclude Include="Framework\QuadTree.h">
      <Filter>Framework</Filter>
    </ClInclude>
    <ClInclude Include="MapReader\tinyxml2.h">
      <Filter>Framework\MapReader</Filter>
    </ClInclude>
    <ClInclude Include="MapReader\TmxEllipse.h">
      <Filter>Framework\MapReader</Filter>
    </ClInclude>
    <ClInclude Include="MapReader\TmxImage.h">
      <Filter>Framework\MapReader</Filter>
    </ClInclude>
    <ClInclude Include="MapReader\TmxImageLayer.h">
      <Filter>Framework\MapReader</Filter>
    </ClInclude>
    <ClInclude Include="MapReader\TmxLayer.h">
      <Filter>Framework\MapReader</Filter>
    </ClInclude>
    <ClInclude Include="MapReader\TmxMap.h">
      <Filter>Framework\MapReader</Filter>
    </ClInclude>
    <ClInclude Include="MapReader\TmxMapTile.h">
      <Filter>Framework\MapReader</Filter>
    </ClInclude>
    <ClInclude Include="MapReader\TmxObject.h">
      <Filter>Framework\MapReader</Filter>
    </ClInclude>
    <ClInclude Include="MapReader\TmxObjectGroup.h">
      <Filter>Framework\MapReader</Filter>
    </ClInclude>
    <ClInclude Include="MapReader\TmxPoint.h">
      <Filter>Framework\MapReader</Filter>
    </ClInclude>
    <ClInclude Include="MapReader\TmxPolygon.h">
      <Filter>Framework\MapReader</Filter>
    </ClInclude>
    <ClInclude Include="MapReader\TmxPolyline.h">
      <Filter>Framework\MapReader</Filter>
    </ClInclude>
    <ClInclude Include="MapReader\TmxPropertySet.h">
      <Filter>Framework\MapReader</Filter>
    </ClInclude>
    <ClInclude Include="MapReader\TmxTerrain.h">
      <Filter>Framework\MapReader</Filter>
    </ClInclude>
    <ClInclude Include="MapReader\TmxTerrainArray.h">
      <Filter>Framework\MapReader</Filter>
    </ClInclude>
    <ClInclude Include="MapReader\TmxTile.h">
      <Filter>Framework\MapReader</Filter>
    </ClInclude>
    <ClInclude Include="MapReader\TmxTileLayer.h">
      <Filter>Framework\MapReader</Filter>
    </ClInclude>
    <ClInclude Include="MapReader\TmxTileOffset.h">
      <Filter>Framework\MapReader</Filter>
    </ClInclude>
    <ClInclude Include="MapReader\TmxTileset.h">
      <Filter>Framework\MapReader</Filter>
    </ClInclude>
    <ClInclude Include="MapReader\TmxUtil.h">
      <Filter>Framework\MapReader</Filter>
    </ClInclude>
    <ClInclude Include="MapReader\zconf.h">
      <Filter>Framework\MapReader</Filter>
    </ClInclude>
    <ClInclude Include="MapReader\zlib.h">
      <Filter>Framework\MapReader</Filter>
    </ClInclude>
    <ClInclude Include="MapReader\base64.h">
      <Filter>Framework\MapReader</Filter>
    </ClInclude>
    <ClInclude Include="GameObject\Enemies\ThinEnemy\ThinEnemy.h">
      <Filter>GameObjects\Enemies\ThinEnemy</Filter>
    </ClInclude>
    <ClInclude Include="GameObject\Enemies\ThinEnemy\ThinEnemyIdleState.h">
      <Filter>GameObjects\Enemies\ThinEnemy</Filter>
    </ClInclude>
    <ClInclude Include="GameObject\Enemies\Enemy.h">
      <Filter>GameObjects\Enemies</Filter>
    </ClInclude>
    <ClInclude Include="GameObject\GameObject.h">
      <Filter>GameObjects</Filter>
    </ClInclude>
    <ClInclude Include="Framework\GameMap.h">
      <Filter>Framework</Filter>
    </ClInclude>
    <ClInclude Include="GameObject\Enemies\EnemyState.h">
      <Filter>GameObjects\Enemies</Filter>
    </ClInclude>
    <ClInclude Include="GameObject\Enemies\BigEnemy\BigEnemyIdleState.h">
      <Filter>GameObjects\Enemies\BigEnemy</Filter>
    </ClInclude>
    <ClInclude Include="GameObject\Enemies\BigEnemy\BigEnemy.h">
      <Filter>GameObjects\Enemies\BigEnemy</Filter>
    </ClInclude>
    <ClInclude Include="GameObject\Items\Apple\Apple.h">
      <Filter>GameObjects\Items\Apple</Filter>
    </ClInclude>
    <ClInclude Include="GameObject\Enemies\FatEnemy\FatEnemyIdleState.h">
      <Filter>GameObjects\Enemies\FatEnemy</Filter>
    </ClInclude>
    <ClInclude Include="GameObject\Enemies\FatEnemy\FatEnemy.h">
      <Filter>GameObjects\Enemies\FatEnemy</Filter>
    </ClInclude>
    <ClInclude Include="GameObject\Enemies\HideEnemy\HideEnemyIdleState.h">
      <Filter>GameObjects\Enemies\HideEnemy</Filter>
    </ClInclude>
    <ClInclude Include="GameObject\Enemies\HideEnemy\HideEnemy.h">
      <Filter>GameObjects\Enemies\HideEnemy</Filter>
    </ClInclude>
    <ClInclude Include="GameObject\Enemies\KnifeEnemy\KnifeEnemyIdleState.h">
      <Filter>GameObjects\Enemies\KnifeEnemy</Filter>
    </ClInclude>
    <ClInclude Include="GameObject\Enemies\KnifeEnemy\KnifeEnemy.h">
      <Filter>GameObjects\Enemies\KnifeEnemy</Filter>
    </ClInclude>
    <ClInclude Include="GameObject\Items\Camel\Camel.h">
      <Filter>GameObjects\Items\Camel</Filter>
    </ClInclude>
    <ClInclude Include="GameObject\Items\Camel\CamelState.h">
      <Filter>GameObjects\Items\Camel</Filter>
    </ClInclude>
    <ClInclude Include="GameObject\Enemies\WallEnemy\WallEnemyIdleState.h">
      <Filter>GameObjects\Enemies\WallEnemy</Filter>
    </ClInclude>
    <ClInclude Include="GameObject\Items\Camel\CamelIdleState.h">
      <Filter>GameObjects\Items\Camel</Filter>
    </ClInclude>
    <ClInclude Include="GameObject\Ground\Ground.h">
      <Filter>GameObjects\Ground</Filter>
    </ClInclude>
    <ClInclude Include="GameObject\Ground\FloatGround\FloatGround.h">
      <Filter>GameObjects\Ground\FloatGround</Filter>
    </ClInclude>
    <ClInclude Include="GameObject\Ground\SpringBoard\SpringBoardState.h">
      <Filter>GameObjects\Ground\SpringBoard</Filter>
    </ClInclude>
    <ClInclude Include="GameObject\Ground\SpringBoard\SpringBoardIdleState.h">
      <Filter>GameObjects\Ground\SpringBoard</Filter>
    </ClInclude>
    <ClInclude Include="GameObject\Ground\SpringBoard\SpringBoard.h">
      <Filter>GameObjects\Ground\SpringBoard</Filter>
    </ClInclude>
    <ClInclude Include="State\Flip.h">
      <Filter>Header Files</Filter>
    </ClInclude>
    <ClInclude Include="State\Grounding.h">
      <Filter>Header Files</Filter>
    </ClInclude>
    <ClInclude Include="State\Idle2.h">
      <Filter>Header Files</Filter>
    </ClInclude>
    <ClInclude Include="State\Idle3.h">
      <Filter>Header Files</Filter>
    </ClInclude>
    <ClInclude Include="AppleToThrow.h">
      <Filter>Source Files</Filter>
    </ClInclude>
    <ClInclude Include="State\Random.h">
      <Filter>State</Filter>
    </ClInclude>
    <ClInclude Include="GameObject\Enemies\WallEnemy\WallEnemy.h">
      <Filter>GameObjects\Enemies\WallEnemy</Filter>
    </ClInclude>
    <ClInclude Include="GameObject\Wall.h">
      <Filter>GameObjects\Wall</Filter>
    </ClInclude>
  </ItemGroup>
  <ItemGroup>
    <None Include="DirectX\Include\D3DX_DXGIFormatConvert.inl">
      <Filter>DirectX\Include</Filter>
    </None>
    <None Include="DirectX\Include\d3dx9math.inl">
      <Filter>DirectX\Include</Filter>
    </None>
    <None Include="DirectX\Include\D3DX10math.inl">
      <Filter>DirectX\Include</Filter>
    </None>
    <None Include="DirectX\Include\xnamathconvert.inl">
      <Filter>DirectX\Include</Filter>
    </None>
    <None Include="DirectX\Include\xnamathmatrix.inl">
      <Filter>DirectX\Include</Filter>
    </None>
    <None Include="DirectX\Include\xnamathmisc.inl">
      <Filter>DirectX\Include</Filter>
    </None>
    <None Include="DirectX\Include\xnamathvector.inl">
      <Filter>DirectX\Include</Filter>
    </None>
    <None Include="ClassDiagram.cd" />
    <None Include="MapReader\Tmx.h.in">
      <Filter>Framework\MapReader</Filter>
    </None>
  </ItemGroup>
  <ItemGroup>
    <ClCompile Include="Framework\Application.cpp">
      <Filter>Framework</Filter>
    </ClCompile>
    <ClCompile Include="Main.cpp">
      <Filter>Source Files</Filter>
    </ClCompile>
    <ClCompile Include="Framework\Graphics.cpp">
      <Filter>Framework</Filter>
    </ClCompile>
    <ClCompile Include="Framework\Texture.cpp">
      <Filter>Framework</Filter>
    </ClCompile>
    <ClCompile Include="Framework\Matrix.cpp">
      <Filter>Framework</Filter>
    </ClCompile>
    <ClCompile Include="Framework\Color.cpp">
      <Filter>Framework</Filter>
    </ClCompile>
    <ClCompile Include="Framework\Rect.cpp">
      <Filter>Framework</Filter>
    </ClCompile>
    <ClCompile Include="Framework\Vec2.cpp">
      <Filter>Framework</Filter>
    </ClCompile>
    <ClCompile Include="Framework\GameManager.cpp">
      <Filter>Framework</Filter>
    </ClCompile>
    <ClCompile Include="Framework\Node.cpp">
      <Filter>Framework</Filter>
    </ClCompile>
    <ClCompile Include="Framework\Scene.cpp">
      <Filter>Framework</Filter>
    </ClCompile>
    <ClCompile Include="Framework\Input.cpp">
      <Filter>Framework</Filter>
    </ClCompile>
    <ClCompile Include="Framework\Camera.cpp">
      <Filter>Framework</Filter>
    </ClCompile>
    <ClCompile Include="Lv1Scene.cpp">
      <Filter>Source Files</Filter>
    </ClCompile>
    <ClCompile Include="Aladdin.cpp">
      <Filter>Source Files</Filter>
    </ClCompile>
    <ClCompile Include="BackgroundLv1Scene.cpp">
      <Filter>Source Files</Filter>
    </ClCompile>
    <ClCompile Include="pugixml\pugixml.cpp">
      <Filter>pugixml</Filter>
    </ClCompile>
    <ClCompile Include="State\Idle.cpp">
      <Filter>State</Filter>
    </ClCompile>
    <ClCompile Include="State\Run.cpp">
      <Filter>State</Filter>
    </ClCompile>
    <ClCompile Include="State\State.cpp">
      <Filter>State</Filter>
    </ClCompile>
    <ClCompile Include="State\Throw.cpp">
      <Filter>State</Filter>
    </ClCompile>
    <ClCompile Include="State\BeingAttacked.cpp">
      <Filter>State</Filter>
    </ClCompile>
    <ClCompile Include="State\BeingAttackedAndDie.cpp">
      <Filter>State</Filter>
    </ClCompile>
    <ClCompile Include="State\BeingRescued.cpp">
      <Filter>State</Filter>
    </ClCompile>
    <ClCompile Include="State\Brake.cpp">
      <Filter>State</Filter>
    </ClCompile>
    <ClCompile Include="State\Fall.cpp">
      <Filter>State</Filter>
    </ClCompile>
    <ClCompile Include="State\RunAndSlash.cpp">
      <Filter>State</Filter>
    </ClCompile>
    <ClCompile Include="State\SitAndSlash.cpp">
      <Filter>State</Filter>
    </ClCompile>
    <ClCompile Include="State\SitAndThrow.cpp">
      <Filter>State</Filter>
    </ClCompile>
    <ClCompile Include="State\Wing.cpp">
      <Filter>State</Filter>
    </ClCompile>
    <ClCompile Include="State\Slash.cpp">
      <Filter>State</Filter>
    </ClCompile>
    <ClCompile Include="State\Push.cpp">
      <Filter>State</Filter>
    </ClCompile>
    <ClCompile Include="State\Climb.cpp">
      <Filter>State</Filter>
    </ClCompile>
    <ClCompile Include="State\RunAndJump.cpp">
      <Filter>State</Filter>
    </ClCompile>
    <ClCompile Include="State\HeadUp.cpp">
      <Filter>State</Filter>
    </ClCompile>
    <ClCompile Include="State\HeadUpAndSlash.cpp">
      <Filter>State</Filter>
    </ClCompile>
    <ClCompile Include="State\IdleWhenWing.cpp">
      <Filter>State</Filter>
    </ClCompile>
    <ClCompile Include="State\ThrowWhenWing.cpp">
      <Filter>State</Filter>
    </ClCompile>
    <ClCompile Include="State\SlashWhenWing.cpp">
      <Filter>State</Filter>
    </ClCompile>
    <ClCompile Include="State\JumpWhileClimb.cpp">
      <Filter>State</Filter>
    </ClCompile>
    <ClCompile Include="State\Climb.cpp">
      <Filter>State</Filter>
    </ClCompile>
    <ClCompile Include="State\Jump.cpp">
      <Filter>State</Filter>
    </ClCompile>
    <ClCompile Include="State\JumpAndSlash.cpp">
      <Filter>State</Filter>
    </ClCompile>
    <ClCompile Include="State\JumpAndThrow.cpp">
      <Filter>State</Filter>
    </ClCompile>
    <ClCompile Include="State\Push.cpp">
      <Filter>State</Filter>
    </ClCompile>
    <ClCompile Include="State\RunAndJump.cpp">
      <Filter>State</Filter>
    </ClCompile>
    <ClCompile Include="State\Sit.cpp">
      <Filter>State</Filter>
    </ClCompile>
    <ClCompile Include="State\Slash.cpp">
      <Filter>State</Filter>
    </ClCompile>
    <ClCompile Include="State\HeadUp.cpp">
      <Filter>State</Filter>
    </ClCompile>
    <ClCompile Include="State\HeadUpAndSlash.cpp">
      <Filter>State</Filter>
    </ClCompile>
    <ClCompile Include="State\RunAndThrow.cpp">
      <Filter>State</Filter>
    </ClCompile>
    <ClCompile Include="State\IdleWhenClimb.cpp">
      <Filter>State</Filter>
    </ClCompile>
    <ClCompile Include="State\ThrowWhenClimb.cpp">
      <Filter>State</Filter>
    </ClCompile>
    <ClCompile Include="State\SlashWhenClimb.cpp">
      <Filter>State</Filter>
    </ClCompile>
    <ClCompile Include="State\Jump.cpp">
      <Filter>State</Filter>
    </ClCompile>
    <ClCompile Include="State\JumpAndSlash.cpp">
      <Filter>State</Filter>
    </ClCompile>
    <ClCompile Include="State\JumpAndThrow.cpp">
      <Filter>State</Filter>
    </ClCompile>
    <ClCompile Include="State\IdleToSit.cpp">
      <Filter>State</Filter>
    </ClCompile>
    <ClCompile Include="State\Sit.cpp">
      <Filter>State</Filter>
    </ClCompile>
    <ClCompile Include="Framework\RigidBody.cpp">
      <Filter>Framework</Filter>
    </ClCompile>
    <ClCompile Include="Framework\PhysicsManager.cpp">
      <Filter>Framework</Filter>
    </ClCompile>
    <ClCompile Include="Framework\Size.cpp">
      <Filter>Framework</Filter>
    </ClCompile>
    <ClCompile Include="State\IdleToLook.cpp">
      <Filter>Source Files</Filter>
    </ClCompile>
    <ClCompile Include="Framework\QuadTree.cpp">
      <Filter>Framework</Filter>
    </ClCompile>
    <ClCompile Include="MapReader\miniz.c">
      <Filter>Framework\MapReader</Filter>
    </ClCompile>
    <ClCompile Include="MapReader\tinyxml2.cpp">
      <Filter>Framework\MapReader</Filter>
    </ClCompile>
    <ClCompile Include="MapReader\TmxEllipse.cpp">
      <Filter>Framework\MapReader</Filter>
    </ClCompile>
    <ClCompile Include="MapReader\TmxImage.cpp">
      <Filter>Framework\MapReader</Filter>
    </ClCompile>
    <ClCompile Include="MapReader\TmxImageLayer.cpp">
      <Filter>Framework\MapReader</Filter>
    </ClCompile>
    <ClCompile Include="MapReader\TmxLayer.cpp">
      <Filter>Framework\MapReader</Filter>
    </ClCompile>
    <ClCompile Include="MapReader\TmxMap.cpp">
      <Filter>Framework\MapReader</Filter>
    </ClCompile>
    <ClCompile Include="MapReader\TmxObject.cpp">
      <Filter>Framework\MapReader</Filter>
    </ClCompile>
    <ClCompile Include="MapReader\TmxObjectGroup.cpp">
      <Filter>Framework\MapReader</Filter>
    </ClCompile>
    <ClCompile Include="MapReader\TmxPolygon.cpp">
      <Filter>Framework\MapReader</Filter>
    </ClCompile>
    <ClCompile Include="MapReader\TmxPolyline.cpp">
      <Filter>Framework\MapReader</Filter>
    </ClCompile>
    <ClCompile Include="MapReader\TmxPropertySet.cpp">
      <Filter>Framework\MapReader</Filter>
    </ClCompile>
    <ClCompile Include="MapReader\TmxTerrain.cpp">
      <Filter>Framework\MapReader</Filter>
    </ClCompile>
    <ClCompile Include="MapReader\TmxTerrainArray.cpp">
      <Filter>Framework\MapReader</Filter>
    </ClCompile>
    <ClCompile Include="MapReader\TmxTile.cpp">
      <Filter>Framework\MapReader</Filter>
    </ClCompile>
    <ClCompile Include="MapReader\TmxTileLayer.cpp">
      <Filter>Framework\MapReader</Filter>
    </ClCompile>
    <ClCompile Include="MapReader\TmxTileOffset.cpp">
      <Filter>Framework\MapReader</Filter>
    </ClCompile>
    <ClCompile Include="MapReader\TmxTileset.cpp">
      <Filter>Framework\MapReader</Filter>
    </ClCompile>
    <ClCompile Include="MapReader\TmxUtil.cpp">
      <Filter>Framework\MapReader</Filter>
    </ClCompile>
    <ClCompile Include="MapReader\base64.cpp">
      <Filter>Framework\MapReader</Filter>
    </ClCompile>
    <ClCompile Include="GameObject\Enemies\ThinEnemy\ThinEnemyIdleState.cpp">
      <Filter>GameObjects\Enemies\ThinEnemy</Filter>
    </ClCompile>
    <ClCompile Include="GameObject\Enemies\Enemy.cpp">
      <Filter>GameObjects\Enemies</Filter>
    </ClCompile>
    <ClCompile Include="GameObject\GameObject.cpp">
      <Filter>GameObjects</Filter>
    </ClCompile>
    <ClCompile Include="Framework\GameMap.cpp">
      <Filter>Framework</Filter>
    </ClCompile>
    <ClCompile Include="GameObject\Enemies\EnemyState.cpp">
      <Filter>GameObjects\Enemies</Filter>
    </ClCompile>
    <ClCompile Include="GameObject\Enemies\ThinEnemy\ThinEnemy.cpp">
      <Filter>GameObjects\Enemies\ThinEnemy</Filter>
    </ClCompile>
    <ClCompile Include="GameObject\Enemies\BigEnemy\BigEnemyIdleState.cpp">
      <Filter>GameObjects\Enemies\BigEnemy</Filter>
    </ClCompile>
    <ClCompile Include="GameObject\Enemies\BigEnemy\BigEnemy.cpp">
      <Filter>GameObjects\Enemies\BigEnemy</Filter>
    </ClCompile>
    <ClCompile Include="GameObject\Items\Apple\Apple.cpp">
      <Filter>GameObjects\Items\Apple</Filter>
    </ClCompile>
    <ClCompile Include="GameObject\Enemies\FatEnemy\FatEnemyIdleState.cpp">
      <Filter>GameObjects\Enemies\FatEnemy</Filter>
    </ClCompile>
    <ClCompile Include="GameObject\Enemies\FatEnemy\FatEnemy.cpp">
      <Filter>GameObjects\Enemies\FatEnemy</Filter>
    </ClCompile>
    <ClCompile Include="GameObject\Enemies\HideEnemy\HideEnemyIdleState.cpp">
      <Filter>GameObjects\Enemies\HideEnemy</Filter>
    </ClCompile>
    <ClCompile Include="GameObject\Enemies\HideEnemy\HideEnemy.cpp">
      <Filter>GameObjects\Enemies\HideEnemy</Filter>
    </ClCompile>
    <ClCompile Include="GameObject\Enemies\KnifeEnemy\KnifeEnemyIdleState.cpp">
      <Filter>GameObjects\Enemies\KnifeEnemy</Filter>
    </ClCompile>
    <ClCompile Include="GameObject\Enemies\KnifeEnemy\KnifeEnemy.cpp">
      <Filter>GameObjects\Enemies\KnifeEnemy</Filter>
    </ClCompile>
    <ClCompile Include="GameObject\Items\Camel\Camel.cpp">
      <Filter>GameObjects\Items\Camel</Filter>
    </ClCompile>
    <ClCompile Include="GameObject\Items\Camel\CamelState.cpp">
      <Filter>GameObjects\Items\Camel</Filter>
    </ClCompile>
    <ClCompile Include="GameObject\Enemies\WallEnemy\WallEnemyIdleState.cpp">
      <Filter>GameObjects\Enemies\WallEnemy</Filter>
    </ClCompile>
    <ClCompile Include="GameObject\Items\Camel\CamelIdleState.cpp">
      <Filter>GameObjects\Items\Camel</Filter>
    </ClCompile>
    <ClCompile Include="GameObject\Ground\Ground.cpp">
      <Filter>GameObjects\Ground</Filter>
    </ClCompile>
    <ClCompile Include="GameObject\Ground\FloatGround\FloatGround.cpp">
      <Filter>GameObjects\Ground\FloatGround</Filter>
    </ClCompile>
    <ClCompile Include="GameObject\Ground\SpringBoard\SpringBoardState.cpp">
      <Filter>GameObjects\Ground\SpringBoard</Filter>
    </ClCompile>
    <ClCompile Include="GameObject\Ground\SpringBoard\SpringBoardIdleState.cpp">
      <Filter>GameObjects\Ground\SpringBoard</Filter>
    </ClCompile>
    <ClCompile Include="GameObject\Ground\SpringBoard\SpringBoard.cpp">
      <Filter>GameObjects\Ground\SpringBoard</Filter>
    </ClCompile>
    <ClCompile Include="State\Flip.cpp">
      <Filter>Source Files</Filter>
    </ClCompile>
    <ClCompile Include="State\Grounding.cpp">
      <Filter>Source Files</Filter>
    </ClCompile>
    <ClCompile Include="State\Idle2.cpp">
      <Filter>Source Files</Filter>
    </ClCompile>
    <ClCompile Include="State\Idle3.cpp">
      <Filter>Source Files</Filter>
    </ClCompile>
    <ClCompile Include="AppleToThrow.cpp">
      <Filter>Source Files</Filter>
    </ClCompile>
    <ClCompile Include="State\Random.cpp">
      <Filter>State</Filter>
    </ClCompile>
    <ClCompile Include="GameObject\Enemies\WallEnemy\WallEnemy.cpp">
      <Filter>GameObjects\Enemies\WallEnemy</Filter>
    </ClCompile>
    <ClCompile Include="GameObject\Wall.cpp">
      <Filter>GameObjects\Wall</Filter>
    </ClCompile>
  </ItemGroup>
  <ItemGroup>
    <Library Include="DirectX\Lib\d2d1.lib">
      <Filter>DirectX\Lib</Filter>
    </Library>
    <Library Include="DirectX\Lib\d3d9.lib">
      <Filter>DirectX\Lib</Filter>
    </Library>
    <Library Include="DirectX\Lib\d3d10.lib">
      <Filter>DirectX\Lib</Filter>
    </Library>
    <Library Include="DirectX\Lib\d3d10_1.lib">
      <Filter>DirectX\Lib</Filter>
    </Library>
    <Library Include="DirectX\Lib\d3d11.lib">
      <Filter>DirectX\Lib</Filter>
    </Library>
    <Library Include="DirectX\Lib\d3dcompiler.lib">
      <Filter>DirectX\Lib</Filter>
    </Library>
    <Library Include="DirectX\Lib\D3DCSX.lib">
      <Filter>DirectX\Lib</Filter>
    </Library>
    <Library Include="DirectX\Lib\D3DCSXd.lib">
      <Filter>DirectX\Lib</Filter>
    </Library>
    <Library Include="DirectX\Lib\d3dx9.lib">
      <Filter>DirectX\Lib</Filter>
    </Library>
    <Library Include="DirectX\Lib\d3dx9d.lib">
      <Filter>DirectX\Lib</Filter>
    </Library>
    <Library Include="DirectX\Lib\d3dx10.lib">
      <Filter>DirectX\Lib</Filter>
    </Library>
    <Library Include="DirectX\Lib\d3dx10d.lib">
      <Filter>DirectX\Lib</Filter>
    </Library>
    <Library Include="DirectX\Lib\d3dx11.lib">
      <Filter>DirectX\Lib</Filter>
    </Library>
    <Library Include="DirectX\Lib\d3dx11d.lib">
      <Filter>DirectX\Lib</Filter>
    </Library>
    <Library Include="DirectX\Lib\d3dxof.lib">
      <Filter>DirectX\Lib</Filter>
    </Library>
    <Library Include="DirectX\Lib\dinput8.lib">
      <Filter>DirectX\Lib</Filter>
    </Library>
    <Library Include="DirectX\Lib\dsetup.lib">
      <Filter>DirectX\Lib</Filter>
    </Library>
    <Library Include="DirectX\Lib\dsound.lib">
      <Filter>DirectX\Lib</Filter>
    </Library>
    <Library Include="DirectX\Lib\dwrite.lib">
      <Filter>DirectX\Lib</Filter>
    </Library>
    <Library Include="DirectX\Lib\DxErr.lib">
      <Filter>DirectX\Lib</Filter>
    </Library>
    <Library Include="DirectX\Lib\dxgi.lib">
      <Filter>DirectX\Lib</Filter>
    </Library>
    <Library Include="DirectX\Lib\dxguid.lib">
      <Filter>DirectX\Lib</Filter>
    </Library>
    <Library Include="DirectX\Lib\X3DAudio.lib">
      <Filter>DirectX\Lib</Filter>
    </Library>
    <Library Include="DirectX\Lib\xapobase.lib">
      <Filter>DirectX\Lib</Filter>
    </Library>
    <Library Include="DirectX\Lib\xapobased.lib">
      <Filter>DirectX\Lib</Filter>
    </Library>
    <Library Include="DirectX\Lib\XAPOFX.lib">
      <Filter>DirectX\Lib</Filter>
    </Library>
    <Library Include="DirectX\Lib\XInput.lib">
      <Filter>DirectX\Lib</Filter>
    </Library>
  </ItemGroup>
  <ItemGroup>
    <Xml Include="Resources\action2.xml">
      <Filter>Resources</Filter>
    </Xml>
    <Xml Include="Resources\Enemies\Enemies.xml" />
    <Xml Include="Resources\Enemies\Camel.xml" />
    <Xml Include="Resources\Enemies\Enemies2.xml" />
  </ItemGroup>
  <ItemGroup>
    <Image Include="Resources\smallmarketBG.png">
      <Filter>Resources</Filter>
    </Image>
    <Image Include="Resources\market BG.png">
      <Filter>Resources</Filter>
    </Image>
    <Image Include="Resources\ala.png">
      <Filter>Resources</Filter>
    </Image>
    <Image Include="Resources\texture3.png" />
    <Image Include="Resources\ground.png">
      <Filter>Resources</Filter>
    </Image>
    <Image Include="Resources\red_rect.png">
      <Filter>Resources</Filter>
    </Image>
    <Image Include="Resources\apple.png">
      <Filter>Resources</Filter>
    </Image>
    <Image Include="Resources\apple1.png">
      <Filter>Resources</Filter>
    </Image>
  </ItemGroup>
</Project>